
Microsoft Visual Studio Solution File, Format Version 11.00
# Visual Studio 2010
Project("{FAE04EC0-301F-11D3-BF4B-00C04F79EFBC}") = "ClearCanvas.Utilities.BuildTasks", "ClearCanvas.Utilities.BuildTasks.csproj", "{5DA82544-D131-4C58-A86D-6B236FF52892}"
EndProject
Global
	GlobalSection(SolutionConfigurationPlatforms) = preSolution
		Debug|Any CPU = Debug|Any CPU
		Release|Any CPU = Release|Any CPU
	EndGlobalSection
	GlobalSection(ProjectConfigurationPlatforms) = postSolution
		{5DA82544-D131-4C58-A86D-6B236FF52892}.Debug|Any CPU.ActiveCfg = Debug|Any CPU
		{5DA82544-D131-4C58-A86D-6B236FF52892}.Debug|Any CPU.Build.0 = Debug|Any CPU
		{5DA82544-D131-4C58-A86D-6B236FF52892}.Release|Any CPU.ActiveCfg = Release|Any CPU
		{5DA82544-D131-4C58-A86D-6B236FF52892}.Release|Any CPU.Build.0 = Release|Any CPU
	EndGlobalSection
	GlobalSection(SolutionProperties) = preSolution
		HideSolutionNode = FALSE
	EndGlobalSection
EndGlobal
