Microsoft Visual Studio Solution File, Format Version 10.00
# Visual Studio 2008
Project("{2150E333-8FDC-42A3-9474-1A3956D46DE8}") = "Solution Items", "Solution Items", "{8F43070C-E31A-4CEC-92AD-F2AA0B65475B}"
	ProjectSection(SolutionItems) = preProject
		Calendar_dist.proj = Calendar_dist.proj
	EndProjectSection
EndProject
Project("{FAE04EC0-301F-11D3-BF4B-00C04F79EFBC}") = "ClearCanvas.Common", "..\..\..\Common\ClearCanvas.Common.csproj", "{F6EAD428-E6CF-4DF6-B2F3-D33D532C5343}"
EndProject
Project("{FAE04EC0-301F-11D3-BF4B-00C04F79EFBC}") = "ClearCanvas.Dicom", "..\..\..\Dicom\ClearCanvas.Dicom.csproj", "{AD9ECE2B-8268-4115-8DC8-860FBD011FFF}"
EndProject
Project("{FAE04EC0-301F-11D3-BF4B-00C04F79EFBC}") = "ClearCanvas.Desktop", "..\..\..\Desktop\ClearCanvas.Desktop.csproj", "{26E9A01A-64B5-42C5-8252-FBB30DF9CEC7}"
EndProject
Project("{FAE04EC0-301F-11D3-BF4B-00C04F79EFBC}") = "ClearCanvas.Desktop.Executable", "..\..\..\Desktop\Executable\ClearCanvas.Desktop.Executable.csproj", "{9CA6A6B8-2E7A-4D2C-AC35-D369F6B15AC8}"
	ProjectSection(ProjectDependencies) = postProject
		{1B8C0C00-F5E4-42B6-A389-B01717AF9460} = {1B8C0C00-F5E4-42B6-A389-B01717AF9460}
		{496E5404-1CFF-4A52-A9EC-F4955D4B7397} = {496E5404-1CFF-4A52-A9EC-F4955D4B7397}
		{EC0DF366-6E48-4473-977B-9107764AC3A3} = {EC0DF366-6E48-4473-977B-9107764AC3A3}
		{EF31F846-50FD-4997-BE2B-D4C1F7437038} = {EF31F846-50FD-4997-BE2B-D4C1F7437038}
		{EA38C1F1-C4BD-4ED7-9B60-C95DF22D6A72} = {EA38C1F1-C4BD-4ED7-9B60-C95DF22D6A72}
		{ACCD054F-5788-4747-959A-551E6E4B477C} = {ACCD054F-5788-4747-959A-551E6E4B477C}
		{76E7A94E-5DCB-4B12-8D9E-7BD5084CE073} = {76E7A94E-5DCB-4B12-8D9E-7BD5084CE073}
		{DB155C43-8966-4AB5-AE4F-40489FA33ABA} = {DB155C43-8966-4AB5-AE4F-40489FA33ABA}
		{85100D3E-471C-47C9-9687-ABF25F617ED7} = {85100D3E-471C-47C9-9687-ABF25F617ED7}
		{152F7337-3DA3-4047-9E59-01989EEB7030} = {152F7337-3DA3-4047-9E59-01989EEB7030}
		{AD9ECE2B-8268-4115-8DC8-860FBD011FFF} = {AD9ECE2B-8268-4115-8DC8-860FBD011FFF}
		{4822272B-D8B3-43DE-A55D-8A04720DE181} = {4822272B-D8B3-43DE-A55D-8A04720DE181}
		{AA917C1F-958A-4626-9A72-D41DFE07B816} = {AA917C1F-958A-4626-9A72-D41DFE07B816}
		{3930FE1D-74C7-49E0-8E0D-05C0FEE194A8} = {3930FE1D-74C7-49E0-8E0D-05C0FEE194A8}
		{AA917C1F-958A-4626-9A72-D41DFE07B816} = {AA917C1F-958A-4626-9A72-D41DFE07B816}
		{4822272B-D8B3-43DE-A55D-8A04720DE181} = {4822272B-D8B3-43DE-A55D-8A04720DE181}
		{AD9ECE2B-8268-4115-8DC8-860FBD011FFF} = {AD9ECE2B-8268-4115-8DC8-860FBD011FFF}
		{152F7337-3DA3-4047-9E59-01989EEB7030} = {152F7337-3DA3-4047-9E59-01989EEB7030}
		{85100D3E-471C-47C9-9687-ABF25F617ED7} = {85100D3E-471C-47C9-9687-ABF25F617ED7}
		{DB155C43-8966-4AB5-AE4F-40489FA33ABA} = {DB155C43-8966-4AB5-AE4F-40489FA33ABA}
		{76E7A94E-5DCB-4B12-8D9E-7BD5084CE073} = {76E7A94E-5DCB-4B12-8D9E-7BD5084CE073}
		{ACCD054F-5788-4747-959A-551E6E4B477C} = {ACCD054F-5788-4747-959A-551E6E4B477C}
		{A3FD975D-F9A7-4435-B4E2-BB7FAEB92B44} = {A3FD975D-F9A7-4435-B4E2-BB7FAEB92B44}
		{4454D96D-8E43-44CB-987B-FCAFCD98BCC0} = {4454D96D-8E43-44CB-987B-FCAFCD98BCC0}
		{A7C78084-947E-4955-9473-9F186B760AEC} = {A7C78084-947E-4955-9473-9F186B760AEC}
		{9DD80D93-472E-4B9B-B896-24CF36C3C956} = {9DD80D93-472E-4B9B-B896-24CF36C3C956}
		{BA5FDA96-AFD6-4546-A294-24D6BC77E808} = {BA5FDA96-AFD6-4546-A294-24D6BC77E808}
		{BB434EC3-A580-4744-A635-A2B4029C66DE} = {BB434EC3-A580-4744-A635-A2B4029C66DE}
		{14111EC7-C62E-4483-8573-7C04986D048F} = {14111EC7-C62E-4483-8573-7C04986D048F}
		{AD9F87CF-0F30-442D-ACCD-80FACC339F22} = {AD9F87CF-0F30-442D-ACCD-80FACC339F22}
		{1BC2A9D5-E0F6-4ACC-876B-C219E0EA2561} = {1BC2A9D5-E0F6-4ACC-876B-C219E0EA2561}
		{085823EA-DDAE-4DAF-A99D-17F75A03CF23} = {085823EA-DDAE-4DAF-A99D-17F75A03CF23}
		{513239F1-2B18-4E53-8D5D-B0CD223E707B} = {513239F1-2B18-4E53-8D5D-B0CD223E707B}
		{EA38C1F1-C4BD-4ED7-9B60-C95DF22D6A72} = {EA38C1F1-C4BD-4ED7-9B60-C95DF22D6A72}
		{513239F1-2B18-4E53-8D5D-B0CD223E707B} = {513239F1-2B18-4E53-8D5D-B0CD223E707B}
		{223DFDC9-B1F5-441D-B659-33F9E55E74A5} = {223DFDC9-B1F5-441D-B659-33F9E55E74A5}
		{1AC0E6EC-4E65-4B90-936B-7174B870A30F} = {1AC0E6EC-4E65-4B90-936B-7174B870A30F}
		{9AF0770C-7E9F-483F-8429-D7894F06EB6C} = {9AF0770C-7E9F-483F-8429-D7894F06EB6C}
		{89DF567B-A0D1-456A-A28F-043FD57D7F9A} = {89DF567B-A0D1-456A-A28F-043FD57D7F9A}
		{9929C5B6-C13B-4436-9326-955EDE2CA102} = {9929C5B6-C13B-4436-9326-955EDE2CA102}
		{D780A782-15DA-4E46-B642-7EA60F2D1A0A} = {D780A782-15DA-4E46-B642-7EA60F2D1A0A}
		{B5EBFFD7-6641-4932-91C9-4C4322B41868} = {B5EBFFD7-6641-4932-91C9-4C4322B41868}
		{8517089B-809E-4A62-9AB2-CFF8C72E1AEB} = {8517089B-809E-4A62-9AB2-CFF8C72E1AEB}
		{98FE0932-F1F6-4125-BD0B-A8F781179AE9} = {98FE0932-F1F6-4125-BD0B-A8F781179AE9}
		{9144D03E-C4A2-4B34-B3B2-89A8834B3F02} = {9144D03E-C4A2-4B34-B3B2-89A8834B3F02}
		{DDAB9D5C-4705-4216-B863-91EEF219A8DD} = {DDAB9D5C-4705-4216-B863-91EEF219A8DD}
		{25AC834B-D1BC-427B-8BA3-6528A2970DD8} = {25AC834B-D1BC-427B-8BA3-6528A2970DD8}
		{7F89848A-B05C-4FF5-93D4-9B59A1A36F5E} = {7F89848A-B05C-4FF5-93D4-9B59A1A36F5E}
		{68995968-271C-4915-B936-0F06C413F0B4} = {68995968-271C-4915-B936-0F06C413F0B4}
		{4741DBA1-D9EC-443F-BF37-C3AAE89B1913} = {4741DBA1-D9EC-443F-BF37-C3AAE89B1913}
		{44755126-5B83-43D1-AC83-621F5FCFBA67} = {44755126-5B83-43D1-AC83-621F5FCFBA67}
		{5C17A246-C4AB-4D66-8715-425192D88D6E} = {5C17A246-C4AB-4D66-8715-425192D88D6E}
		{7DE2AD68-75E5-44D0-B94D-7549D3AE7CC3} = {7DE2AD68-75E5-44D0-B94D-7549D3AE7CC3}
		{D4305B6F-2BA6-47F3-A4BF-D18A93BDF622} = {D4305B6F-2BA6-47F3-A4BF-D18A93BDF622}
		{D3E9C1B7-2CC5-42AD-A26A-46162F23BFD1} = {D3E9C1B7-2CC5-42AD-A26A-46162F23BFD1}
		{86CD94ED-BB4C-46C0-B54D-5F1EAE5A18D7} = {86CD94ED-BB4C-46C0-B54D-5F1EAE5A18D7}
		{1AC0E6EC-4E65-4B90-936B-7174B870A30F} = {1AC0E6EC-4E65-4B90-936B-7174B870A30F}
		{085823EA-DDAE-4DAF-A99D-17F75A03CF23} = {085823EA-DDAE-4DAF-A99D-17F75A03CF23}
		{1BC2A9D5-E0F6-4ACC-876B-C219E0EA2561} = {1BC2A9D5-E0F6-4ACC-876B-C219E0EA2561}
		{ED15F4D4-F464-4640-AEA0-9FC3D3F19CDD} = {ED15F4D4-F464-4640-AEA0-9FC3D3F19CDD}
		{AD9F87CF-0F30-442D-ACCD-80FACC339F22} = {AD9F87CF-0F30-442D-ACCD-80FACC339F22}
		{49A47B83-BC95-4E1D-96A8-3DF05673797F} = {49A47B83-BC95-4E1D-96A8-3DF05673797F}
		{DBBB259C-EACC-425D-991B-265A0CE93446} = {DBBB259C-EACC-425D-991B-265A0CE93446}
		{AD8F67CF-0F30-412D-ACCD-80BACA332F22} = {AD8F67CF-0F30-412D-ACCD-80BACA332F22}
		{109CD9CB-3A21-4D63-9B22-4FC9C3F38A52} = {109CD9CB-3A21-4D63-9B22-4FC9C3F38A52}
		{223DFDC9-B1F5-441D-B659-33F9E55E74A5} = {223DFDC9-B1F5-441D-B659-33F9E55E74A5}
		{14111EC7-C62E-4483-8573-7C04986D048F} = {14111EC7-C62E-4483-8573-7C04986D048F}
		{EF1E3BC4-21CA-467A-B84F-9B692846F459} = {EF1E3BC4-21CA-467A-B84F-9B692846F459}
		{BB434EC3-A580-4744-A635-A2B4029C66DE} = {BB434EC3-A580-4744-A635-A2B4029C66DE}
		{B57AAFAB-EAF0-432E-9F2D-F683608195D5} = {B57AAFAB-EAF0-432E-9F2D-F683608195D5}
		{BA5FDA96-AFD6-4546-A294-24D6BC77E808} = {BA5FDA96-AFD6-4546-A294-24D6BC77E808}
		{2F464B93-3631-4886-96A0-D3F493536997} = {2F464B93-3631-4886-96A0-D3F493536997}
		{9DD80D93-472E-4B9B-B896-24CF36C3C956} = {9DD80D93-472E-4B9B-B896-24CF36C3C956}
		{A7C78084-947E-4955-9473-9F186B760AEC} = {A7C78084-947E-4955-9473-9F186B760AEC}
		{4454D96D-8E43-44CB-987B-FCAFCD98BCC0} = {4454D96D-8E43-44CB-987B-FCAFCD98BCC0}
		{A3FD975D-F9A7-4435-B4E2-BB7FAEB92B44} = {A3FD975D-F9A7-4435-B4E2-BB7FAEB92B44}
		{A87F9830-0111-4511-A27C-72AC7F5D96E6} = {A87F9830-0111-4511-A27C-72AC7F5D96E6}
		{473D7D46-BC29-42AC-AB83-41ECF5C22CCE} = {473D7D46-BC29-42AC-AB83-41ECF5C22CCE}
		{26E9A01A-64B5-42C5-8252-FBB30DF9CEC7} = {26E9A01A-64B5-42C5-8252-FBB30DF9CEC7}
		{9AF0770C-7E9F-483F-8429-D7894F06EB6C} = {9AF0770C-7E9F-483F-8429-D7894F06EB6C}
	EndProjectSection
EndProject
Project("{FAE04EC0-301F-11D3-BF4B-00C04F79EFBC}") = "ClearCanvas.Desktop.ExtensionBrowser", "..\..\..\Desktop\ExtensionBrowser\ClearCanvas.Desktop.ExtensionBrowser.csproj", "{1BC2A9D5-E0F6-4ACC-876B-C219E0EA2561}"
EndProject
Project("{FAE04EC0-301F-11D3-BF4B-00C04F79EFBC}") = "ClearCanvas.Desktop.ExtensionBrowser.View.WinForms", "..\..\..\Desktop\ExtensionBrowser\View\WinForms\ClearCanvas.Desktop.ExtensionBrowser.View.WinForms.csproj", "{BA5FDA96-AFD6-4546-A294-24D6BC77E808}"
EndProject
Project("{FAE04EC0-301F-11D3-BF4B-00C04F79EFBC}") = "ClearCanvas.ImageViewer.Tools.Measurement", "..\..\..\ImageViewer\Tools\Measurement\ClearCanvas.ImageViewer.Tools.Measurement.csproj", "{76E7A94E-5DCB-4B12-8D9E-7BD5084CE073}"
EndProject
Project("{FAE04EC0-301F-11D3-BF4B-00C04F79EFBC}") = "ClearCanvas.ImageViewer.Tools.Standard", "..\..\..\ImageViewer\Tools\Standard\ClearCanvas.ImageViewer.Tools.Standard.csproj", "{9AF0770C-7E9F-483F-8429-D7894F06EB6C}"
EndProject
Project("{FAE04EC0-301F-11D3-BF4B-00C04F79EFBC}") = "ClearCanvas.ImageViewer.Layout.Basic", "..\..\..\ImageViewer\Layout\Basic\ClearCanvas.ImageViewer.Layout.Basic.csproj", "{EA38C1F1-C4BD-4ED7-9B60-C95DF22D6A72}"
EndProject
Project("{FAE04EC0-301F-11D3-BF4B-00C04F79EFBC}") = "ClearCanvas.ImageViewer.Layout.Basic.View.WinForms", "..\..\..\ImageViewer\Layout\Basic\View\WinForms\ClearCanvas.ImageViewer.Layout.Basic.View.WinForms.csproj", "{152F7337-3DA3-4047-9E59-01989EEB7030}"
EndProject
Project("{FAE04EC0-301F-11D3-BF4B-00C04F79EFBC}") = "ClearCanvas.ImageViewer.StudyFinders.LocalDataStore", "..\..\..\ImageViewer\StudyFinders\LocalDataStore\ClearCanvas.ImageViewer.StudyFinders.LocalDataStore.csproj", "{A3FD975D-F9A7-4435-B4E2-BB7FAEB92B44}"
	ProjectSection(ProjectDependencies) = postProject
		{3930FE1D-74C7-49E0-8E0D-05C0FEE194A8} = {3930FE1D-74C7-49E0-8E0D-05C0FEE194A8}
		{F6EAD428-E6CF-4DF6-B2F3-D33D532C5343} = {F6EAD428-E6CF-4DF6-B2F3-D33D532C5343}
		{AD9ECE2B-8268-4115-8DC8-860FBD011FFF} = {AD9ECE2B-8268-4115-8DC8-860FBD011FFF}
		{85100D3E-471C-47C9-9687-ABF25F617ED7} = {85100D3E-471C-47C9-9687-ABF25F617ED7}
	EndProjectSection
EndProject
Project("{FAE04EC0-301F-11D3-BF4B-00C04F79EFBC}") = "ClearCanvas.ImageViewer.StudyFinders.Remote", "..\..\..\ImageViewer\StudyFinders\Remote\ClearCanvas.ImageViewer.StudyFinders.Remote.csproj", "{4454D96D-8E43-44CB-987B-FCAFCD98BCC0}"
EndProject
Project("{FAE04EC0-301F-11D3-BF4B-00C04F79EFBC}") = "ClearCanvas.Desktop.View.WinForms", "..\..\..\Desktop\View\WinForms\ClearCanvas.Desktop.View.WinForms.csproj", "{BB434EC3-A580-4744-A635-A2B4029C66DE}"
EndProject
Project("{FAE04EC0-301F-11D3-BF4B-00C04F79EFBC}") = "ClearCanvas.Desktop.Help", "..\..\..\Desktop\Help\ClearCanvas.Desktop.Help.csproj", "{AA917C1F-958A-4626-9A72-D41DFE07B816}"
EndProject
Project("{FAE04EC0-301F-11D3-BF4B-00C04F79EFBC}") = "ClearCanvas.ImageViewer.StudyLoaders.LocalDataStore", "..\..\..\ImageViewer\StudyLoaders\LocalDataStore\ClearCanvas.ImageViewer.StudyLoaders.LocalDataStore.csproj", "{DB155C43-8966-4AB5-AE4F-40489FA33ABA}"
EndProject
Project("{FAE04EC0-301F-11D3-BF4B-00C04F79EFBC}") = "ClearCanvas.Desktop.Explorer", "..\..\..\Desktop\Explorer\ClearCanvas.Desktop.Explorer.csproj", "{085823EA-DDAE-4DAF-A99D-17F75A03CF23}"
EndProject
Project("{FAE04EC0-301F-11D3-BF4B-00C04F79EFBC}") = "ClearCanvas.ImageViewer.Explorer.Local", "..\..\..\ImageViewer\Explorer\Local\ClearCanvas.ImageViewer.Explorer.Local.csproj", "{AD9F87CF-0F30-442D-ACCD-80FACC339F22}"
	ProjectSection(ProjectDependencies) = postProject
		{085823EA-DDAE-4DAF-A99D-17F75A03CF23} = {085823EA-DDAE-4DAF-A99D-17F75A03CF23}
	EndProjectSection
EndProject
Project("{FAE04EC0-301F-11D3-BF4B-00C04F79EFBC}") = "ClearCanvas.Dicom.DataStore", "..\..\..\Dicom\DataStore\ClearCanvas.Dicom.DataStore.csproj", "{3930FE1D-74C7-49E0-8E0D-05C0FEE194A8}"
EndProject
Project("{FAE04EC0-301F-11D3-BF4B-00C04F79EFBC}") = "ClearCanvas.ImageViewer.Explorer.Local.View.WinForms", "..\..\..\ImageViewer\Explorer\Local\View\WinForms\ClearCanvas.ImageViewer.Explorer.Local.View.WinForms.csproj", "{9DD80D93-472E-4B9B-B896-24CF36C3C956}"
EndProject
Project("{FAE04EC0-301F-11D3-BF4B-00C04F79EFBC}") = "ClearCanvas.ImageViewer.Explorer.Dicom", "..\..\..\ImageViewer\Explorer\Dicom\ClearCanvas.ImageViewer.Explorer.Dicom.csproj", "{14111EC7-C62E-4483-8573-7C04986D048F}"
EndProject
Project("{FAE04EC0-301F-11D3-BF4B-00C04F79EFBC}") = "ClearCanvas.ImageViewer.Explorer.Dicom.View.WinForms", "..\..\..\ImageViewer\Explorer\Dicom\View\WinForms\ClearCanvas.ImageViewer.Explorer.Dicom.View.WinForms.csproj", "{4822272B-D8B3-43DE-A55D-8A04720DE181}"
EndProject
Project("{FAE04EC0-301F-11D3-BF4B-00C04F79EFBC}") = "ClearCanvas.ImageViewer.AnnotationProviders", "..\..\..\ImageViewer\AnnotationProviders\ClearCanvas.ImageViewer.AnnotationProviders.csproj", "{A7C78084-947E-4955-9473-9F186B760AEC}"
EndProject
Project("{FAE04EC0-301F-11D3-BF4B-00C04F79EFBC}") = "ClearCanvas.Utilities.DicomEditor", "..\..\..\Utilities\DicomEditor\ClearCanvas.Utilities.DicomEditor.csproj", "{ACCD054F-5788-4747-959A-551E6E4B477C}"
EndProject
Project("{FAE04EC0-301F-11D3-BF4B-00C04F79EFBC}") = "ClearCanvas.Utilities.DicomEditor.View.WinForms", "..\..\..\Utilities\DicomEditor\View\WinForms\ClearCanvas.Utilities.DicomEditor.View.WinForms.csproj", "{513239F1-2B18-4E53-8D5D-B0CD223E707B}"
EndProject
Project("{FAE04EC0-301F-11D3-BF4B-00C04F79EFBC}") = "ClearCanvas.ImageViewer.View.WinForms", "..\..\..\ImageViewer\View\WinForms\ClearCanvas.ImageViewer.View.WinForms.csproj", "{1B8C0C00-F5E4-42B6-A389-B01717AF9460}"
EndProject
Project("{FAE04EC0-301F-11D3-BF4B-00C04F79EFBC}") = "ClearCanvas.Desktop.Configuration", "..\..\..\Desktop\Configuration\ClearCanvas.Desktop.Configuration.csproj", "{223DFDC9-B1F5-441D-B659-33F9E55E74A5}"
EndProject
Project("{FAE04EC0-301F-11D3-BF4B-00C04F79EFBC}") = "ClearCanvas.Desktop.Configuration.View.WinForms", "..\..\..\Desktop\Configuration\View\WinForms\ClearCanvas.Desktop.Configuration.View.WinForms.csproj", "{1AC0E6EC-4E65-4B90-936B-7174B870A30F}"
EndProject
Project("{FAE04EC0-301F-11D3-BF4B-00C04F79EFBC}") = "ClearCanvas.ImageViewer.Tools.Standard.View.WinForms", "..\..\..\ImageViewer\Tools\Standard\View\WinForms\ClearCanvas.ImageViewer.Tools.Standard.View.WinForms.csproj", "{D3E9C1B7-2CC5-42AD-A26A-46162F23BFD1}"
EndProject
Project("{FAE04EC0-301F-11D3-BF4B-00C04F79EFBC}") = "ClearCanvas.ImageViewer.Services", "..\..\..\ImageViewer\Services\ClearCanvas.ImageViewer.Services.csproj", "{2F464B93-3631-4886-96A0-D3F493536997}"
EndProject
Project("{FAE04EC0-301F-11D3-BF4B-00C04F79EFBC}") = "ClearCanvas.ImageViewer.Configuration", "..\..\..\ImageViewer\Configuration\ClearCanvas.ImageViewer.Configuration.csproj", "{89DF567B-A0D1-456A-A28F-043FD57D7F9A}"
EndProject
Project("{FAE04EC0-301F-11D3-BF4B-00C04F79EFBC}") = "ClearCanvas.ImageViewer.Configuration.View.WinForms", "..\..\..\ImageViewer\Configuration\View\WinForms\ClearCanvas.ImageViewer.Configuration.View.WinForms.csproj", "{9929C5B6-C13B-4436-9326-955EDE2CA102}"
EndProject
Project("{FAE04EC0-301F-11D3-BF4B-00C04F79EFBC}") = "ClearCanvas.ImageViewer.Services.Tools", "..\..\..\ImageViewer\Services\Tools\ClearCanvas.ImageViewer.Services.Tools.csproj", "{EF1E3BC4-21CA-467A-B84F-9B692846F459}"
EndProject
Project("{FAE04EC0-301F-11D3-BF4B-00C04F79EFBC}") = "ClearCanvas.ImageViewer.Services.Tools.View.WinForms", "..\..\..\ImageViewer\Services\Tools\View\WinForms\ClearCanvas.ImageViewer.Services.Tools.View.WinForms.csproj", "{109CD9CB-3A21-4D63-9B22-4FC9C3F38A52}"
EndProject
Project("{FAE04EC0-301F-11D3-BF4B-00C04F79EFBC}") = "ClearCanvas.ImageViewer", "..\..\..\ImageViewer\ClearCanvas.ImageViewer.csproj", "{85100D3E-471C-47C9-9687-ABF25F617ED7}"
EndProject
Project("{FAE04EC0-301F-11D3-BF4B-00C04F79EFBC}") = "ClearCanvas.Samples.Google.Calendar", "ClearCanvas.Samples.Google.Calendar.csproj", "{B57AAFAB-EAF0-432E-9F2D-F683608195D5}"
EndProject
Project("{FAE04EC0-301F-11D3-BF4B-00C04F79EFBC}") = "ClearCanvas.Samples.Google.Calendar.View.WinForms", "View\WinForms\ClearCanvas.Samples.Google.Calendar.View.WinForms.csproj", "{496E5404-1CFF-4A52-A9EC-F4955D4B7397}"
EndProject
Project("{FAE04EC0-301F-11D3-BF4B-00C04F79EFBC}") = "ClearCanvas.Samples.Google.Calendar.Mail", "Mail\ClearCanvas.Samples.Google.Calendar.Mail.csproj", "{A87F9830-0111-4511-A27C-72AC7F5D96E6}"
EndProject
Project("{FAE04EC0-301F-11D3-BF4B-00C04F79EFBC}") = "ClearCanvas.Samples.Google.Calendar.Mail.View.WinForms", "Mail\View\WinForms\ClearCanvas.Samples.Google.Calendar.Mail.View.WinForms.csproj", "{473D7D46-BC29-42AC-AB83-41ECF5C22CCE}"
EndProject
Project("{FAE04EC0-301F-11D3-BF4B-00C04F79EFBC}") = "ClearCanvas.ImageViewer.Shreds", "..\..\..\ImageViewer\Shreds\ClearCanvas.ImageViewer.Shreds.csproj", "{E991CF00-A0E1-490C-A0D1-2BD77FAECF06}"
EndProject
Project("{FAE04EC0-301F-11D3-BF4B-00C04F79EFBC}") = "ClearCanvas.Server.ShredHost", "..\..\..\Server\ShredHost\ClearCanvas.Server.ShredHost.csproj", "{8347B928-805E-42E7-B980-08D8AF1A0671}"
EndProject
Project("{FAE04EC0-301F-11D3-BF4B-00C04F79EFBC}") = "ClearCanvas.Server.ShredHostService", "..\..\..\Server\ShredHostService\ClearCanvas.Server.ShredHostService.csproj", "{8FC2F7CD-F35B-4AF2-BD98-3F3F75FA9E07}"
	ProjectSection(ProjectDependencies) = postProject
		{E991CF00-A0E1-490C-A0D1-2BD77FAECF06} = {E991CF00-A0E1-490C-A0D1-2BD77FAECF06}
		{2F464B93-3631-4886-96A0-D3F493536997} = {2F464B93-3631-4886-96A0-D3F493536997}
		{AD9ECE2B-8268-4115-8DC8-860FBD011FFF} = {AD9ECE2B-8268-4115-8DC8-860FBD011FFF}
		{F6EAD428-E6CF-4DF6-B2F3-D33D532C5343} = {F6EAD428-E6CF-4DF6-B2F3-D33D532C5343}
		{8347B928-805E-42E7-B980-08D8AF1A0671} = {8347B928-805E-42E7-B980-08D8AF1A0671}
		{3930FE1D-74C7-49E0-8E0D-05C0FEE194A8} = {3930FE1D-74C7-49E0-8E0D-05C0FEE194A8}
		{68995968-271C-4915-B936-0F06C413F0B4} = {68995968-271C-4915-B936-0F06C413F0B4}
	EndProjectSection
EndProject
Project("{FAE04EC0-301F-11D3-BF4B-00C04F79EFBC}") = "ClearCanvas.ImageViewer.Tools.Synchronization", "..\..\..\ImageViewer\Tools\Synchronization\ClearCanvas.ImageViewer.Tools.Synchronization.csproj", "{86CD94ED-BB4C-46C0-B54D-5F1EAE5A18D7}"
EndProject
Project("{FAE04EC0-301F-11D3-BF4B-00C04F79EFBC}") = "ClearCanvas.ImageViewer.Tools.Measurement.View.WinForms", "..\..\..\ImageViewer\Tools\Measurement\View\WinForms\ClearCanvas.ImageViewer.Tools.Measurement.View.WinForms.csproj", "{5C17A246-C4AB-4D66-8715-425192D88D6E}"
EndProject
Project("{FAE04EC0-301F-11D3-BF4B-00C04F79EFBC}") = "ClearCanvas.ImageViewer.Clipboard", "..\..\..\ImageViewer\Clipboard\ClearCanvas.ImageViewer.Clipboard.csproj", "{8517089B-809E-4A62-9AB2-CFF8C72E1AEB}"
EndProject
Project("{FAE04EC0-301F-11D3-BF4B-00C04F79EFBC}") = "ClearCanvas.ImageViewer.Clipboard.View.WinForms", "..\..\..\ImageViewer\Clipboard\View\WinForms\ClearCanvas.ImageViewer.Clipboard.View.WinForms.csproj", "{98FE0932-F1F6-4125-BD0B-A8F781179AE9}"
EndProject
Project("{FAE04EC0-301F-11D3-BF4B-00C04F79EFBC}") = "ClearCanvas.ImageViewer.Thumbnails", "..\..\..\ImageViewer\Thumbnails\ClearCanvas.ImageViewer.Thumbnails.csproj", "{4741DBA1-D9EC-443F-BF37-C3AAE89B1913}"
EndProject
Project("{FAE04EC0-301F-11D3-BF4B-00C04F79EFBC}") = "ClearCanvas.ImageViewer.Thumbnails.View.WinForms", "..\..\..\ImageViewer\Thumbnails\View\WinForms\ClearCanvas.ImageViewer.Thumbnails.View.WinForms.csproj", "{44755126-5B83-43D1-AC83-621F5FCFBA67}"
EndProject
Project("{FAE04EC0-301F-11D3-BF4B-00C04F79EFBC}") = "ClearCanvas.ImageViewer.StudyLoaders.Streaming", "..\..\..\ImageViewer\StudyLoaders\Streaming\ClearCanvas.ImageViewer.StudyLoaders.Streaming.csproj", "{7F89848A-B05C-4FF5-93D4-9B59A1A36F5E}"
EndProject
Project("{FAE04EC0-301F-11D3-BF4B-00C04F79EFBC}") = "ClearCanvas.ImageViewer.StudyLocator", "..\..\..\ImageViewer\StudyLocator\ClearCanvas.ImageViewer.StudyLocator.csproj", "{68995968-271C-4915-B936-0F06C413F0B4}"
EndProject
Project("{FAE04EC0-301F-11D3-BF4B-00C04F79EFBC}") = "ClearCanvas.ImageViewer.DesktopServices", "..\..\..\ImageViewer\DesktopServices\ClearCanvas.ImageViewer.DesktopServices.csproj", "{9144D03E-C4A2-4B34-B3B2-89A8834B3F02}"
EndProject
Project("{FAE04EC0-301F-11D3-BF4B-00C04F79EFBC}") = "ClearCanvas.Desktop.Help.UpdateTools", "..\..\..\Desktop\Help\UpdateTools\ClearCanvas.Desktop.Help.UpdateTools.csproj", "{D780A782-15DA-4E46-B642-7EA60F2D1A0A}"
EndProject
Project("{FAE04EC0-301F-11D3-BF4B-00C04F79EFBC}") = "ClearCanvas.ImageViewer.Tools.Reporting", "..\..\..\ImageViewer\Tools\Reporting\ClearCanvas.ImageViewer.Tools.Reporting.csproj", "{7DE2AD68-75E5-44D0-B94D-7549D3AE7CC3}"
EndProject
Project("{FAE04EC0-301F-11D3-BF4B-00C04F79EFBC}") = "ClearCanvas.ImageViewer.Tools.Reporting.View.WinForms", "..\..\..\ImageViewer\Tools\Reporting\View\WinForms\ClearCanvas.ImageViewer.Tools.Reporting.View.WinForms.csproj", "{D4305B6F-2BA6-47F3-A4BF-D18A93BDF622}"
EndProject
Project("{FAE04EC0-301F-11D3-BF4B-00C04F79EFBC}") = "ClearCanvas.ImageViewer.Volume.Mpr", "..\..\..\ImageViewer\Volume\Mpr\ClearCanvas.ImageViewer.Volume.Mpr.csproj", "{AD8F67CF-0F30-412D-ACCD-80BACA332F22}"
EndProject
Project("{FAE04EC0-301F-11D3-BF4B-00C04F79EFBC}") = "ClearCanvas.Enterprise.Common", "..\..\..\Enterprise\Common\ClearCanvas.Enterprise.Common.csproj", "{B5EBFFD7-6641-4932-91C9-4C4322B41868}"
EndProject
Project("{FAE04EC0-301F-11D3-BF4B-00C04F79EFBC}") = "ClearCanvas.ImageViewer.Utilities.StudyFilters", "..\..\..\ImageViewer\Utilities\StudyFilters\ClearCanvas.ImageViewer.Utilities.StudyFilters.csproj", "{49A47B83-BC95-4E1D-96A8-3DF05673797F}"
EndProject
Project("{FAE04EC0-301F-11D3-BF4B-00C04F79EFBC}") = "ClearCanvas.ImageViewer.Utilities.StudyFilters.View.WinForms", "..\..\..\ImageViewer\Utilities\StudyFilters\View\WinForms\ClearCanvas.ImageViewer.Utilities.StudyFilters.View.WinForms.csproj", "{DBBB259C-EACC-425D-991B-265A0CE93446}"
EndProject
Project("{FAE04EC0-301F-11D3-BF4B-00C04F79EFBC}") = "ClearCanvas.ImageViewer.Tools.Synchronization.View.WinForms", "..\..\..\ImageViewer\Tools\Synchronization\View\WinForms\ClearCanvas.ImageViewer.Tools.Synchronization.View.WinForms.csproj", "{ED15F4D4-F464-4640-AEA0-9FC3D3F19CDD}"
EndProject
Project("{FAE04EC0-301F-11D3-BF4B-00C04F79EFBC}") = "ClearCanvas.ImageViewer.Explorer.Dicom.SeriesDetails", "..\..\..\ImageViewer\Explorer\Dicom\SeriesDetails\ClearCanvas.ImageViewer.Explorer.Dicom.SeriesDetails.csproj", "{EF31F846-50FD-4997-BE2B-D4C1F7437038}"
EndProject
Project("{FAE04EC0-301F-11D3-BF4B-00C04F79EFBC}") = "ClearCanvas.ImageViewer.Explorer.Dicom.SeriesDetails.View.WinForms", "..\..\..\ImageViewer\Explorer\Dicom\SeriesDetails\View\WinForms\ClearCanvas.ImageViewer.Explorer.Dicom.SeriesDetails.View.WinForms.csproj", "{EC0DF366-6E48-4473-977B-9107764AC3A3}"
EndProject
Global
	GlobalSection(SolutionConfigurationPlatforms) = preSolution
		Debug|Any CPU = Debug|Any CPU
		Release|Any CPU = Release|Any CPU
	EndGlobalSection
	GlobalSection(ProjectConfigurationPlatforms) = postSolution
		{F6EAD428-E6CF-4DF6-B2F3-D33D532C5343}.Debug|Any CPU.ActiveCfg = Debug|Any CPU
		{F6EAD428-E6CF-4DF6-B2F3-D33D532C5343}.Debug|Any CPU.Build.0 = Debug|Any CPU
		{F6EAD428-E6CF-4DF6-B2F3-D33D532C5343}.Release|Any CPU.ActiveCfg = Release|Any CPU
		{F6EAD428-E6CF-4DF6-B2F3-D33D532C5343}.Release|Any CPU.Build.0 = Release|Any CPU
		{AD9ECE2B-8268-4115-8DC8-860FBD011FFF}.Debug|Any CPU.ActiveCfg = Debug|Any CPU
		{AD9ECE2B-8268-4115-8DC8-860FBD011FFF}.Debug|Any CPU.Build.0 = Debug|Any CPU
		{AD9ECE2B-8268-4115-8DC8-860FBD011FFF}.Release|Any CPU.ActiveCfg = Release|Any CPU
		{AD9ECE2B-8268-4115-8DC8-860FBD011FFF}.Release|Any CPU.Build.0 = Release|Any CPU
		{26E9A01A-64B5-42C5-8252-FBB30DF9CEC7}.Debug|Any CPU.ActiveCfg = Debug|Any CPU
		{26E9A01A-64B5-42C5-8252-FBB30DF9CEC7}.Debug|Any CPU.Build.0 = Debug|Any CPU
		{26E9A01A-64B5-42C5-8252-FBB30DF9CEC7}.Release|Any CPU.ActiveCfg = Release|Any CPU
		{26E9A01A-64B5-42C5-8252-FBB30DF9CEC7}.Release|Any CPU.Build.0 = Release|Any CPU
		{9CA6A6B8-2E7A-4D2C-AC35-D369F6B15AC8}.Debug|Any CPU.ActiveCfg = Debug|Any CPU
		{9CA6A6B8-2E7A-4D2C-AC35-D369F6B15AC8}.Debug|Any CPU.Build.0 = Debug|Any CPU
		{9CA6A6B8-2E7A-4D2C-AC35-D369F6B15AC8}.Release|Any CPU.ActiveCfg = Release|Any CPU
		{9CA6A6B8-2E7A-4D2C-AC35-D369F6B15AC8}.Release|Any CPU.Build.0 = Release|Any CPU
		{1BC2A9D5-E0F6-4ACC-876B-C219E0EA2561}.Debug|Any CPU.ActiveCfg = Debug|Any CPU
		{1BC2A9D5-E0F6-4ACC-876B-C219E0EA2561}.Debug|Any CPU.Build.0 = Debug|Any CPU
		{1BC2A9D5-E0F6-4ACC-876B-C219E0EA2561}.Release|Any CPU.ActiveCfg = Release|Any CPU
		{1BC2A9D5-E0F6-4ACC-876B-C219E0EA2561}.Release|Any CPU.Build.0 = Release|Any CPU
		{BA5FDA96-AFD6-4546-A294-24D6BC77E808}.Debug|Any CPU.ActiveCfg = Debug|Any CPU
		{BA5FDA96-AFD6-4546-A294-24D6BC77E808}.Debug|Any CPU.Build.0 = Debug|Any CPU
		{BA5FDA96-AFD6-4546-A294-24D6BC77E808}.Release|Any CPU.ActiveCfg = Release|Any CPU
		{BA5FDA96-AFD6-4546-A294-24D6BC77E808}.Release|Any CPU.Build.0 = Release|Any CPU
		{76E7A94E-5DCB-4B12-8D9E-7BD5084CE073}.Debug|Any CPU.ActiveCfg = Debug|Any CPU
		{76E7A94E-5DCB-4B12-8D9E-7BD5084CE073}.Debug|Any CPU.Build.0 = Debug|Any CPU
		{76E7A94E-5DCB-4B12-8D9E-7BD5084CE073}.Release|Any CPU.ActiveCfg = Release|Any CPU
		{76E7A94E-5DCB-4B12-8D9E-7BD5084CE073}.Release|Any CPU.Build.0 = Release|Any CPU
		{9AF0770C-7E9F-483F-8429-D7894F06EB6C}.Debug|Any CPU.ActiveCfg = Debug|Any CPU
		{9AF0770C-7E9F-483F-8429-D7894F06EB6C}.Debug|Any CPU.Build.0 = Debug|Any CPU
		{9AF0770C-7E9F-483F-8429-D7894F06EB6C}.Release|Any CPU.ActiveCfg = Release|Any CPU
		{9AF0770C-7E9F-483F-8429-D7894F06EB6C}.Release|Any CPU.Build.0 = Release|Any CPU
		{EA38C1F1-C4BD-4ED7-9B60-C95DF22D6A72}.Debug|Any CPU.ActiveCfg = Debug|Any CPU
		{EA38C1F1-C4BD-4ED7-9B60-C95DF22D6A72}.Debug|Any CPU.Build.0 = Debug|Any CPU
		{EA38C1F1-C4BD-4ED7-9B60-C95DF22D6A72}.Release|Any CPU.ActiveCfg = Release|Any CPU
		{EA38C1F1-C4BD-4ED7-9B60-C95DF22D6A72}.Release|Any CPU.Build.0 = Release|Any CPU
		{152F7337-3DA3-4047-9E59-01989EEB7030}.Debug|Any CPU.ActiveCfg = Debug|Any CPU
		{152F7337-3DA3-4047-9E59-01989EEB7030}.Debug|Any CPU.Build.0 = Debug|Any CPU
		{152F7337-3DA3-4047-9E59-01989EEB7030}.Release|Any CPU.ActiveCfg = Release|Any CPU
		{152F7337-3DA3-4047-9E59-01989EEB7030}.Release|Any CPU.Build.0 = Release|Any CPU
		{A3FD975D-F9A7-4435-B4E2-BB7FAEB92B44}.Debug|Any CPU.ActiveCfg = Debug|Any CPU
		{A3FD975D-F9A7-4435-B4E2-BB7FAEB92B44}.Debug|Any CPU.Build.0 = Debug|Any CPU
		{A3FD975D-F9A7-4435-B4E2-BB7FAEB92B44}.Release|Any CPU.ActiveCfg = Release|Any CPU
		{A3FD975D-F9A7-4435-B4E2-BB7FAEB92B44}.Release|Any CPU.Build.0 = Release|Any CPU
		{4454D96D-8E43-44CB-987B-FCAFCD98BCC0}.Debug|Any CPU.ActiveCfg = Debug|Any CPU
		{4454D96D-8E43-44CB-987B-FCAFCD98BCC0}.Debug|Any CPU.Build.0 = Debug|Any CPU
		{4454D96D-8E43-44CB-987B-FCAFCD98BCC0}.Release|Any CPU.ActiveCfg = Release|Any CPU
		{4454D96D-8E43-44CB-987B-FCAFCD98BCC0}.Release|Any CPU.Build.0 = Release|Any CPU
		{BB434EC3-A580-4744-A635-A2B4029C66DE}.Debug|Any CPU.ActiveCfg = Debug|Any CPU
		{BB434EC3-A580-4744-A635-A2B4029C66DE}.Debug|Any CPU.Build.0 = Debug|Any CPU
		{BB434EC3-A580-4744-A635-A2B4029C66DE}.Release|Any CPU.ActiveCfg = Release|Any CPU
		{BB434EC3-A580-4744-A635-A2B4029C66DE}.Release|Any CPU.Build.0 = Release|Any CPU
		{AA917C1F-958A-4626-9A72-D41DFE07B816}.Debug|Any CPU.ActiveCfg = Debug|Any CPU
		{AA917C1F-958A-4626-9A72-D41DFE07B816}.Debug|Any CPU.Build.0 = Debug|Any CPU
		{AA917C1F-958A-4626-9A72-D41DFE07B816}.Release|Any CPU.ActiveCfg = Release|Any CPU
		{AA917C1F-958A-4626-9A72-D41DFE07B816}.Release|Any CPU.Build.0 = Release|Any CPU
		{DB155C43-8966-4AB5-AE4F-40489FA33ABA}.Debug|Any CPU.ActiveCfg = Debug|Any CPU
		{DB155C43-8966-4AB5-AE4F-40489FA33ABA}.Debug|Any CPU.Build.0 = Debug|Any CPU
		{DB155C43-8966-4AB5-AE4F-40489FA33ABA}.Release|Any CPU.ActiveCfg = Release|Any CPU
		{DB155C43-8966-4AB5-AE4F-40489FA33ABA}.Release|Any CPU.Build.0 = Release|Any CPU
		{085823EA-DDAE-4DAF-A99D-17F75A03CF23}.Debug|Any CPU.ActiveCfg = Debug|Any CPU
		{085823EA-DDAE-4DAF-A99D-17F75A03CF23}.Debug|Any CPU.Build.0 = Debug|Any CPU
		{085823EA-DDAE-4DAF-A99D-17F75A03CF23}.Release|Any CPU.ActiveCfg = Release|Any CPU
		{085823EA-DDAE-4DAF-A99D-17F75A03CF23}.Release|Any CPU.Build.0 = Release|Any CPU
		{AD9F87CF-0F30-442D-ACCD-80FACC339F22}.Debug|Any CPU.ActiveCfg = Debug|Any CPU
		{AD9F87CF-0F30-442D-ACCD-80FACC339F22}.Debug|Any CPU.Build.0 = Debug|Any CPU
		{AD9F87CF-0F30-442D-ACCD-80FACC339F22}.Release|Any CPU.ActiveCfg = Release|Any CPU
		{AD9F87CF-0F30-442D-ACCD-80FACC339F22}.Release|Any CPU.Build.0 = Release|Any CPU
		{3930FE1D-74C7-49E0-8E0D-05C0FEE194A8}.Debug|Any CPU.ActiveCfg = Debug|Any CPU
		{3930FE1D-74C7-49E0-8E0D-05C0FEE194A8}.Debug|Any CPU.Build.0 = Debug|Any CPU
		{3930FE1D-74C7-49E0-8E0D-05C0FEE194A8}.Release|Any CPU.ActiveCfg = Release|Any CPU
		{3930FE1D-74C7-49E0-8E0D-05C0FEE194A8}.Release|Any CPU.Build.0 = Release|Any CPU
		{9DD80D93-472E-4B9B-B896-24CF36C3C956}.Debug|Any CPU.ActiveCfg = Debug|Any CPU
		{9DD80D93-472E-4B9B-B896-24CF36C3C956}.Debug|Any CPU.Build.0 = Debug|Any CPU
		{9DD80D93-472E-4B9B-B896-24CF36C3C956}.Release|Any CPU.ActiveCfg = Release|Any CPU
		{9DD80D93-472E-4B9B-B896-24CF36C3C956}.Release|Any CPU.Build.0 = Release|Any CPU
		{14111EC7-C62E-4483-8573-7C04986D048F}.Debug|Any CPU.ActiveCfg = Debug|Any CPU
		{14111EC7-C62E-4483-8573-7C04986D048F}.Debug|Any CPU.Build.0 = Debug|Any CPU
		{14111EC7-C62E-4483-8573-7C04986D048F}.Release|Any CPU.ActiveCfg = Release|Any CPU
		{14111EC7-C62E-4483-8573-7C04986D048F}.Release|Any CPU.Build.0 = Release|Any CPU
		{4822272B-D8B3-43DE-A55D-8A04720DE181}.Debug|Any CPU.ActiveCfg = Debug|Any CPU
		{4822272B-D8B3-43DE-A55D-8A04720DE181}.Debug|Any CPU.Build.0 = Debug|Any CPU
		{4822272B-D8B3-43DE-A55D-8A04720DE181}.Release|Any CPU.ActiveCfg = Release|Any CPU
		{4822272B-D8B3-43DE-A55D-8A04720DE181}.Release|Any CPU.Build.0 = Release|Any CPU
		{A7C78084-947E-4955-9473-9F186B760AEC}.Debug|Any CPU.ActiveCfg = Debug|Any CPU
		{A7C78084-947E-4955-9473-9F186B760AEC}.Debug|Any CPU.Build.0 = Debug|Any CPU
		{A7C78084-947E-4955-9473-9F186B760AEC}.Release|Any CPU.ActiveCfg = Release|Any CPU
		{A7C78084-947E-4955-9473-9F186B760AEC}.Release|Any CPU.Build.0 = Release|Any CPU
		{ACCD054F-5788-4747-959A-551E6E4B477C}.Debug|Any CPU.ActiveCfg = Debug|Any CPU
		{ACCD054F-5788-4747-959A-551E6E4B477C}.Debug|Any CPU.Build.0 = Debug|Any CPU
		{ACCD054F-5788-4747-959A-551E6E4B477C}.Release|Any CPU.ActiveCfg = Release|Any CPU
		{ACCD054F-5788-4747-959A-551E6E4B477C}.Release|Any CPU.Build.0 = Release|Any CPU
		{513239F1-2B18-4E53-8D5D-B0CD223E707B}.Debug|Any CPU.ActiveCfg = Debug|Any CPU
		{513239F1-2B18-4E53-8D5D-B0CD223E707B}.Debug|Any CPU.Build.0 = Debug|Any CPU
		{513239F1-2B18-4E53-8D5D-B0CD223E707B}.Release|Any CPU.ActiveCfg = Release|Any CPU
		{513239F1-2B18-4E53-8D5D-B0CD223E707B}.Release|Any CPU.Build.0 = Release|Any CPU
		{1B8C0C00-F5E4-42B6-A389-B01717AF9460}.Debug|Any CPU.ActiveCfg = Debug|Any CPU
		{1B8C0C00-F5E4-42B6-A389-B01717AF9460}.Debug|Any CPU.Build.0 = Debug|Any CPU
		{1B8C0C00-F5E4-42B6-A389-B01717AF9460}.Release|Any CPU.ActiveCfg = Release|Any CPU
		{1B8C0C00-F5E4-42B6-A389-B01717AF9460}.Release|Any CPU.Build.0 = Release|Any CPU
		{223DFDC9-B1F5-441D-B659-33F9E55E74A5}.Debug|Any CPU.ActiveCfg = Debug|Any CPU
		{223DFDC9-B1F5-441D-B659-33F9E55E74A5}.Debug|Any CPU.Build.0 = Debug|Any CPU
		{223DFDC9-B1F5-441D-B659-33F9E55E74A5}.Release|Any CPU.ActiveCfg = Release|Any CPU
		{223DFDC9-B1F5-441D-B659-33F9E55E74A5}.Release|Any CPU.Build.0 = Release|Any CPU
		{1AC0E6EC-4E65-4B90-936B-7174B870A30F}.Debug|Any CPU.ActiveCfg = Debug|Any CPU
		{1AC0E6EC-4E65-4B90-936B-7174B870A30F}.Debug|Any CPU.Build.0 = Debug|Any CPU
		{1AC0E6EC-4E65-4B90-936B-7174B870A30F}.Release|Any CPU.ActiveCfg = Release|Any CPU
		{1AC0E6EC-4E65-4B90-936B-7174B870A30F}.Release|Any CPU.Build.0 = Release|Any CPU
		{D3E9C1B7-2CC5-42AD-A26A-46162F23BFD1}.Debug|Any CPU.ActiveCfg = Debug|Any CPU
		{D3E9C1B7-2CC5-42AD-A26A-46162F23BFD1}.Debug|Any CPU.Build.0 = Debug|Any CPU
		{D3E9C1B7-2CC5-42AD-A26A-46162F23BFD1}.Release|Any CPU.ActiveCfg = Release|Any CPU
		{D3E9C1B7-2CC5-42AD-A26A-46162F23BFD1}.Release|Any CPU.Build.0 = Release|Any CPU
		{2F464B93-3631-4886-96A0-D3F493536997}.Debug|Any CPU.ActiveCfg = Debug|Any CPU
		{2F464B93-3631-4886-96A0-D3F493536997}.Debug|Any CPU.Build.0 = Debug|Any CPU
		{2F464B93-3631-4886-96A0-D3F493536997}.Release|Any CPU.ActiveCfg = Release|Any CPU
		{2F464B93-3631-4886-96A0-D3F493536997}.Release|Any CPU.Build.0 = Release|Any CPU
		{89DF567B-A0D1-456A-A28F-043FD57D7F9A}.Debug|Any CPU.ActiveCfg = Debug|Any CPU
		{89DF567B-A0D1-456A-A28F-043FD57D7F9A}.Debug|Any CPU.Build.0 = Debug|Any CPU
		{89DF567B-A0D1-456A-A28F-043FD57D7F9A}.Release|Any CPU.ActiveCfg = Release|Any CPU
		{89DF567B-A0D1-456A-A28F-043FD57D7F9A}.Release|Any CPU.Build.0 = Release|Any CPU
		{9929C5B6-C13B-4436-9326-955EDE2CA102}.Debug|Any CPU.ActiveCfg = Debug|Any CPU
		{9929C5B6-C13B-4436-9326-955EDE2CA102}.Debug|Any CPU.Build.0 = Debug|Any CPU
		{9929C5B6-C13B-4436-9326-955EDE2CA102}.Release|Any CPU.ActiveCfg = Release|Any CPU
		{9929C5B6-C13B-4436-9326-955EDE2CA102}.Release|Any CPU.Build.0 = Release|Any CPU
		{EF1E3BC4-21CA-467A-B84F-9B692846F459}.Debug|Any CPU.ActiveCfg = Debug|Any CPU
		{EF1E3BC4-21CA-467A-B84F-9B692846F459}.Debug|Any CPU.Build.0 = Debug|Any CPU
		{EF1E3BC4-21CA-467A-B84F-9B692846F459}.Release|Any CPU.ActiveCfg = Release|Any CPU
		{EF1E3BC4-21CA-467A-B84F-9B692846F459}.Release|Any CPU.Build.0 = Release|Any CPU
		{109CD9CB-3A21-4D63-9B22-4FC9C3F38A52}.Debug|Any CPU.ActiveCfg = Debug|Any CPU
		{109CD9CB-3A21-4D63-9B22-4FC9C3F38A52}.Debug|Any CPU.Build.0 = Debug|Any CPU
		{109CD9CB-3A21-4D63-9B22-4FC9C3F38A52}.Release|Any CPU.ActiveCfg = Release|Any CPU
		{109CD9CB-3A21-4D63-9B22-4FC9C3F38A52}.Release|Any CPU.Build.0 = Release|Any CPU
		{85100D3E-471C-47C9-9687-ABF25F617ED7}.Debug|Any CPU.ActiveCfg = Debug|Any CPU
		{85100D3E-471C-47C9-9687-ABF25F617ED7}.Debug|Any CPU.Build.0 = Debug|Any CPU
		{85100D3E-471C-47C9-9687-ABF25F617ED7}.Release|Any CPU.ActiveCfg = Release|Any CPU
		{85100D3E-471C-47C9-9687-ABF25F617ED7}.Release|Any CPU.Build.0 = Release|Any CPU
		{B57AAFAB-EAF0-432E-9F2D-F683608195D5}.Debug|Any CPU.ActiveCfg = Debug|Any CPU
		{B57AAFAB-EAF0-432E-9F2D-F683608195D5}.Debug|Any CPU.Build.0 = Debug|Any CPU
		{B57AAFAB-EAF0-432E-9F2D-F683608195D5}.Release|Any CPU.ActiveCfg = Release|Any CPU
		{B57AAFAB-EAF0-432E-9F2D-F683608195D5}.Release|Any CPU.Build.0 = Release|Any CPU
		{496E5404-1CFF-4A52-A9EC-F4955D4B7397}.Debug|Any CPU.ActiveCfg = Debug|Any CPU
		{496E5404-1CFF-4A52-A9EC-F4955D4B7397}.Debug|Any CPU.Build.0 = Debug|Any CPU
		{496E5404-1CFF-4A52-A9EC-F4955D4B7397}.Release|Any CPU.ActiveCfg = Release|Any CPU
		{496E5404-1CFF-4A52-A9EC-F4955D4B7397}.Release|Any CPU.Build.0 = Release|Any CPU
		{A87F9830-0111-4511-A27C-72AC7F5D96E6}.Debug|Any CPU.ActiveCfg = Debug|Any CPU
		{A87F9830-0111-4511-A27C-72AC7F5D96E6}.Debug|Any CPU.Build.0 = Debug|Any CPU
		{A87F9830-0111-4511-A27C-72AC7F5D96E6}.Release|Any CPU.ActiveCfg = Release|Any CPU
		{A87F9830-0111-4511-A27C-72AC7F5D96E6}.Release|Any CPU.Build.0 = Release|Any CPU
		{473D7D46-BC29-42AC-AB83-41ECF5C22CCE}.Debug|Any CPU.ActiveCfg = Debug|Any CPU
		{473D7D46-BC29-42AC-AB83-41ECF5C22CCE}.Debug|Any CPU.Build.0 = Debug|Any CPU
		{473D7D46-BC29-42AC-AB83-41ECF5C22CCE}.Release|Any CPU.ActiveCfg = Release|Any CPU
		{473D7D46-BC29-42AC-AB83-41ECF5C22CCE}.Release|Any CPU.Build.0 = Release|Any CPU
		{E991CF00-A0E1-490C-A0D1-2BD77FAECF06}.Debug|Any CPU.ActiveCfg = Debug|Any CPU
		{E991CF00-A0E1-490C-A0D1-2BD77FAECF06}.Debug|Any CPU.Build.0 = Debug|Any CPU
		{E991CF00-A0E1-490C-A0D1-2BD77FAECF06}.Release|Any CPU.ActiveCfg = Release|Any CPU
		{E991CF00-A0E1-490C-A0D1-2BD77FAECF06}.Release|Any CPU.Build.0 = Release|Any CPU
		{8347B928-805E-42E7-B980-08D8AF1A0671}.Debug|Any CPU.ActiveCfg = Debug|Any CPU
		{8347B928-805E-42E7-B980-08D8AF1A0671}.Debug|Any CPU.Build.0 = Debug|Any CPU
		{8347B928-805E-42E7-B980-08D8AF1A0671}.Release|Any CPU.ActiveCfg = Release|Any CPU
		{8347B928-805E-42E7-B980-08D8AF1A0671}.Release|Any CPU.Build.0 = Release|Any CPU
		{8FC2F7CD-F35B-4AF2-BD98-3F3F75FA9E07}.Debug|Any CPU.ActiveCfg = Debug|Any CPU
		{8FC2F7CD-F35B-4AF2-BD98-3F3F75FA9E07}.Debug|Any CPU.Build.0 = Debug|Any CPU
		{8FC2F7CD-F35B-4AF2-BD98-3F3F75FA9E07}.Release|Any CPU.ActiveCfg = Release|Any CPU
		{8FC2F7CD-F35B-4AF2-BD98-3F3F75FA9E07}.Release|Any CPU.Build.0 = Release|Any CPU
		{86CD94ED-BB4C-46C0-B54D-5F1EAE5A18D7}.Debug|Any CPU.ActiveCfg = Debug|Any CPU
		{86CD94ED-BB4C-46C0-B54D-5F1EAE5A18D7}.Debug|Any CPU.Build.0 = Debug|Any CPU
		{86CD94ED-BB4C-46C0-B54D-5F1EAE5A18D7}.Release|Any CPU.ActiveCfg = Release|Any CPU
		{86CD94ED-BB4C-46C0-B54D-5F1EAE5A18D7}.Release|Any CPU.Build.0 = Release|Any CPU
		{5C17A246-C4AB-4D66-8715-425192D88D6E}.Debug|Any CPU.ActiveCfg = Debug|Any CPU
		{5C17A246-C4AB-4D66-8715-425192D88D6E}.Debug|Any CPU.Build.0 = Debug|Any CPU
		{5C17A246-C4AB-4D66-8715-425192D88D6E}.Release|Any CPU.ActiveCfg = Release|Any CPU
		{5C17A246-C4AB-4D66-8715-425192D88D6E}.Release|Any CPU.Build.0 = Release|Any CPU
		{8517089B-809E-4A62-9AB2-CFF8C72E1AEB}.Debug|Any CPU.ActiveCfg = Debug|Any CPU
		{8517089B-809E-4A62-9AB2-CFF8C72E1AEB}.Debug|Any CPU.Build.0 = Debug|Any CPU
		{8517089B-809E-4A62-9AB2-CFF8C72E1AEB}.Release|Any CPU.ActiveCfg = Release|Any CPU
		{8517089B-809E-4A62-9AB2-CFF8C72E1AEB}.Release|Any CPU.Build.0 = Release|Any CPU
		{98FE0932-F1F6-4125-BD0B-A8F781179AE9}.Debug|Any CPU.ActiveCfg = Debug|Any CPU
		{98FE0932-F1F6-4125-BD0B-A8F781179AE9}.Debug|Any CPU.Build.0 = Debug|Any CPU
		{98FE0932-F1F6-4125-BD0B-A8F781179AE9}.Release|Any CPU.ActiveCfg = Release|Any CPU
		{98FE0932-F1F6-4125-BD0B-A8F781179AE9}.Release|Any CPU.Build.0 = Release|Any CPU
		{4741DBA1-D9EC-443F-BF37-C3AAE89B1913}.Debug|Any CPU.ActiveCfg = Debug|Any CPU
		{4741DBA1-D9EC-443F-BF37-C3AAE89B1913}.Debug|Any CPU.Build.0 = Debug|Any CPU
		{4741DBA1-D9EC-443F-BF37-C3AAE89B1913}.Release|Any CPU.ActiveCfg = Release|Any CPU
		{4741DBA1-D9EC-443F-BF37-C3AAE89B1913}.Release|Any CPU.Build.0 = Release|Any CPU
		{44755126-5B83-43D1-AC83-621F5FCFBA67}.Debug|Any CPU.ActiveCfg = Debug|Any CPU
		{44755126-5B83-43D1-AC83-621F5FCFBA67}.Debug|Any CPU.Build.0 = Debug|Any CPU
		{44755126-5B83-43D1-AC83-621F5FCFBA67}.Release|Any CPU.ActiveCfg = Release|Any CPU
		{44755126-5B83-43D1-AC83-621F5FCFBA67}.Release|Any CPU.Build.0 = Release|Any CPU
		{7F89848A-B05C-4FF5-93D4-9B59A1A36F5E}.Debug|Any CPU.ActiveCfg = Debug|Any CPU
		{7F89848A-B05C-4FF5-93D4-9B59A1A36F5E}.Debug|Any CPU.Build.0 = Debug|Any CPU
		{7F89848A-B05C-4FF5-93D4-9B59A1A36F5E}.Release|Any CPU.ActiveCfg = Release|Any CPU
		{7F89848A-B05C-4FF5-93D4-9B59A1A36F5E}.Release|Any CPU.Build.0 = Release|Any CPU
		{68995968-271C-4915-B936-0F06C413F0B4}.Debug|Any CPU.ActiveCfg = Debug|Any CPU
		{68995968-271C-4915-B936-0F06C413F0B4}.Debug|Any CPU.Build.0 = Debug|Any CPU
		{68995968-271C-4915-B936-0F06C413F0B4}.Release|Any CPU.ActiveCfg = Release|Any CPU
		{68995968-271C-4915-B936-0F06C413F0B4}.Release|Any CPU.Build.0 = Release|Any CPU
		{9144D03E-C4A2-4B34-B3B2-89A8834B3F02}.Debug|Any CPU.ActiveCfg = Debug|Any CPU
		{9144D03E-C4A2-4B34-B3B2-89A8834B3F02}.Debug|Any CPU.Build.0 = Debug|Any CPU
		{9144D03E-C4A2-4B34-B3B2-89A8834B3F02}.Release|Any CPU.ActiveCfg = Release|Any CPU
		{9144D03E-C4A2-4B34-B3B2-89A8834B3F02}.Release|Any CPU.Build.0 = Release|Any CPU
		{D780A782-15DA-4E46-B642-7EA60F2D1A0A}.Debug|Any CPU.ActiveCfg = Debug|Any CPU
		{D780A782-15DA-4E46-B642-7EA60F2D1A0A}.Debug|Any CPU.Build.0 = Debug|Any CPU
		{D780A782-15DA-4E46-B642-7EA60F2D1A0A}.Release|Any CPU.ActiveCfg = Release|Any CPU
		{D780A782-15DA-4E46-B642-7EA60F2D1A0A}.Release|Any CPU.Build.0 = Release|Any CPU
		{7DE2AD68-75E5-44D0-B94D-7549D3AE7CC3}.Debug|Any CPU.ActiveCfg = Debug|Any CPU
		{7DE2AD68-75E5-44D0-B94D-7549D3AE7CC3}.Debug|Any CPU.Build.0 = Debug|Any CPU
		{7DE2AD68-75E5-44D0-B94D-7549D3AE7CC3}.Release|Any CPU.ActiveCfg = Release|Any CPU
		{7DE2AD68-75E5-44D0-B94D-7549D3AE7CC3}.Release|Any CPU.Build.0 = Release|Any CPU
		{D4305B6F-2BA6-47F3-A4BF-D18A93BDF622}.Debug|Any CPU.ActiveCfg = Debug|Any CPU
		{D4305B6F-2BA6-47F3-A4BF-D18A93BDF622}.Debug|Any CPU.Build.0 = Debug|Any CPU
		{D4305B6F-2BA6-47F3-A4BF-D18A93BDF622}.Release|Any CPU.ActiveCfg = Release|Any CPU
		{D4305B6F-2BA6-47F3-A4BF-D18A93BDF622}.Release|Any CPU.Build.0 = Release|Any CPU
		{AD8F67CF-0F30-412D-ACCD-80BACA332F22}.Debug|Any CPU.ActiveCfg = Debug|Any CPU
		{AD8F67CF-0F30-412D-ACCD-80BACA332F22}.Debug|Any CPU.Build.0 = Debug|Any CPU
		{AD8F67CF-0F30-412D-ACCD-80BACA332F22}.Release|Any CPU.ActiveCfg = Release|Any CPU
		{AD8F67CF-0F30-412D-ACCD-80BACA332F22}.Release|Any CPU.Build.0 = Release|Any CPU
		{B5EBFFD7-6641-4932-91C9-4C4322B41868}.Debug|Any CPU.ActiveCfg = Debug|Any CPU
		{B5EBFFD7-6641-4932-91C9-4C4322B41868}.Debug|Any CPU.Build.0 = Debug|Any CPU
		{B5EBFFD7-6641-4932-91C9-4C4322B41868}.Release|Any CPU.ActiveCfg = Release|Any CPU
		{B5EBFFD7-6641-4932-91C9-4C4322B41868}.Release|Any CPU.Build.0 = Release|Any CPU
		{49A47B83-BC95-4E1D-96A8-3DF05673797F}.Debug|Any CPU.ActiveCfg = Debug|Any CPU
		{49A47B83-BC95-4E1D-96A8-3DF05673797F}.Debug|Any CPU.Build.0 = Debug|Any CPU
		{49A47B83-BC95-4E1D-96A8-3DF05673797F}.Release|Any CPU.ActiveCfg = Release|Any CPU
		{49A47B83-BC95-4E1D-96A8-3DF05673797F}.Release|Any CPU.Build.0 = Release|Any CPU
		{DBBB259C-EACC-425D-991B-265A0CE93446}.Debug|Any CPU.ActiveCfg = Debug|Any CPU
		{DBBB259C-EACC-425D-991B-265A0CE93446}.Debug|Any CPU.Build.0 = Debug|Any CPU
		{DBBB259C-EACC-425D-991B-265A0CE93446}.Release|Any CPU.ActiveCfg = Release|Any CPU
		{DBBB259C-EACC-425D-991B-265A0CE93446}.Release|Any CPU.Build.0 = Release|Any CPU
		{ED15F4D4-F464-4640-AEA0-9FC3D3F19CDD}.Debug|Any CPU.ActiveCfg = Debug|Any CPU
		{ED15F4D4-F464-4640-AEA0-9FC3D3F19CDD}.Debug|Any CPU.Build.0 = Debug|Any CPU
		{ED15F4D4-F464-4640-AEA0-9FC3D3F19CDD}.Release|Any CPU.ActiveCfg = Release|Any CPU
		{ED15F4D4-F464-4640-AEA0-9FC3D3F19CDD}.Release|Any CPU.Build.0 = Release|Any CPU
		{EF31F846-50FD-4997-BE2B-D4C1F7437038}.Debug|Any CPU.ActiveCfg = Debug|Any CPU
		{EF31F846-50FD-4997-BE2B-D4C1F7437038}.Debug|Any CPU.Build.0 = Debug|Any CPU
		{EF31F846-50FD-4997-BE2B-D4C1F7437038}.Release|Any CPU.ActiveCfg = Release|Any CPU
		{EF31F846-50FD-4997-BE2B-D4C1F7437038}.Release|Any CPU.Build.0 = Release|Any CPU
		{EC0DF366-6E48-4473-977B-9107764AC3A3}.Debug|Any CPU.ActiveCfg = Debug|Any CPU
		{EC0DF366-6E48-4473-977B-9107764AC3A3}.Debug|Any CPU.Build.0 = Debug|Any CPU
		{EC0DF366-6E48-4473-977B-9107764AC3A3}.Release|Any CPU.ActiveCfg = Release|Any CPU
		{EC0DF366-6E48-4473-977B-9107764AC3A3}.Release|Any CPU.Build.0 = Release|Any CPU
	EndGlobalSection
	GlobalSection(SolutionProperties) = preSolution
		HideSolutionNode = FALSE
	EndGlobalSection
	GlobalSection(ExtensibilityGlobals) = postSolution
		VisualSVNWorkingCopyRoot = ..
	EndGlobalSection
	GlobalSection(TextTemplating) = postSolution
		TextTemplating = 1
	EndGlobalSection
	GlobalSection(TextTemplating) = postSolution
		TextTemplating = 1
	EndGlobalSection
EndGlobal
