
Microsoft Visual Studio Solution File, Format Version 11.00
# Visual Studio 2010
Project("{FAE04EC0-301F-11D3-BF4B-00C04F79EFBC}") = "ClearCanvas.Ris.Client.ViewerIntegration", "ClearCanvas.Ris.Client.ViewerIntegration.csproj", "{18C40982-C7A5-433C-8D1B-71E17C04A3B8}"
EndProject
Project("{FAE04EC0-301F-11D3-BF4B-00C04F79EFBC}") = "ClearCanvas.Ris.Client", "..\ClearCanvas.Ris.Client.csproj", "{F8E75C01-AB14-4DDE-ABEA-3EECC4957A1F}"
EndProject
Project("{FAE04EC0-301F-11D3-BF4B-00C04F79EFBC}") = "ClearCanvas.Common", "..\..\..\Common\ClearCanvas.Common.csproj", "{F6EAD428-E6CF-4DF6-B2F3-D33D532C5343}"
EndProject
Project("{FAE04EC0-301F-11D3-BF4B-00C04F79EFBC}") = "ClearCanvas.Desktop", "..\..\..\Desktop\ClearCanvas.Desktop.csproj", "{26E9A01A-64B5-42C5-8252-FBB30DF9CEC7}"
EndProject
Project("{FAE04EC0-301F-11D3-BF4B-00C04F79EFBC}") = "ClearCanvas.Dicom", "..\..\..\Dicom\ClearCanvas.Dicom.csproj", "{AD9ECE2B-8268-4115-8DC8-860FBD011FFF}"
EndProject
Project("{FAE04EC0-301F-11D3-BF4B-00C04F79EFBC}") = "ClearCanvas.ImageViewer.Common", "..\..\..\ImageViewer\Common\ClearCanvas.ImageViewer.Common.csproj", "{FEFD73C5-8541-47D2-BBDB-FF61DEA28291}"
EndProject
Project("{FAE04EC0-301F-11D3-BF4B-00C04F79EFBC}") = "ClearCanvas.Utilities.Manifest", "..\..\..\Utilities\Manifest\ClearCanvas.Utilities.Manifest.csproj", "{E2F1A5D4-73A4-4BA6-AA5A-87BBDEC727F8}"
EndProject
Project("{FAE04EC0-301F-11D3-BF4B-00C04F79EFBC}") = "ClearCanvas.Enterprise.Common", "..\..\..\Enterprise\Common\ClearCanvas.Enterprise.Common.csproj", "{B5EBFFD7-6641-4932-91C9-4C4322B41868}"
EndProject
Project("{FAE04EC0-301F-11D3-BF4B-00C04F79EFBC}") = "ClearCanvas.Enterprise.Desktop", "..\..\..\Enterprise\Desktop\ClearCanvas.Enterprise.Desktop.csproj", "{CBD5EBD0-7AE9-4824-AE8C-4888983E1B5B}"
EndProject
Project("{FAE04EC0-301F-11D3-BF4B-00C04F79EFBC}") = "ClearCanvas.Ris.Application.Common", "..\..\Application\Common\ClearCanvas.Ris.Application.Common.csproj", "{09F49217-CD98-4773-8CFB-594F189EEE3B}"
EndProject
Project("{FAE04EC0-301F-11D3-BF4B-00C04F79EFBC}") = "ClearCanvas.Desktop.Explorer", "..\..\..\Desktop\Explorer\ClearCanvas.Desktop.Explorer.csproj", "{085823EA-DDAE-4DAF-A99D-17F75A03CF23}"
EndProject
Global
	GlobalSection(SolutionConfigurationPlatforms) = preSolution
		Debug|Any CPU = Debug|Any CPU
		Release|Any CPU = Release|Any CPU
		UNIT_TESTS_USAGE_TRACKING|Any CPU = UNIT_TESTS_USAGE_TRACKING|Any CPU
	EndGlobalSection
	GlobalSection(ProjectConfigurationPlatforms) = postSolution
		{18C40982-C7A5-433C-8D1B-71E17C04A3B8}.Debug|Any CPU.ActiveCfg = Debug|Any CPU
		{18C40982-C7A5-433C-8D1B-71E17C04A3B8}.Debug|Any CPU.Build.0 = Debug|Any CPU
		{18C40982-C7A5-433C-8D1B-71E17C04A3B8}.Release|Any CPU.ActiveCfg = Release|Any CPU
		{18C40982-C7A5-433C-8D1B-71E17C04A3B8}.Release|Any CPU.Build.0 = Release|Any CPU
		{18C40982-C7A5-433C-8D1B-71E17C04A3B8}.UNIT_TESTS_USAGE_TRACKING|Any CPU.ActiveCfg = Release|Any CPU
		{18C40982-C7A5-433C-8D1B-71E17C04A3B8}.UNIT_TESTS_USAGE_TRACKING|Any CPU.Build.0 = Release|Any CPU
		{F8E75C01-AB14-4DDE-ABEA-3EECC4957A1F}.Debug|Any CPU.ActiveCfg = Debug|Any CPU
		{F8E75C01-AB14-4DDE-ABEA-3EECC4957A1F}.Debug|Any CPU.Build.0 = Debug|Any CPU
		{F8E75C01-AB14-4DDE-ABEA-3EECC4957A1F}.Release|Any CPU.ActiveCfg = Release|Any CPU
		{F8E75C01-AB14-4DDE-ABEA-3EECC4957A1F}.Release|Any CPU.Build.0 = Release|Any CPU
		{F8E75C01-AB14-4DDE-ABEA-3EECC4957A1F}.UNIT_TESTS_USAGE_TRACKING|Any CPU.ActiveCfg = Release|Any CPU
		{F8E75C01-AB14-4DDE-ABEA-3EECC4957A1F}.UNIT_TESTS_USAGE_TRACKING|Any CPU.Build.0 = Release|Any CPU
		{F6EAD428-E6CF-4DF6-B2F3-D33D532C5343}.Debug|Any CPU.ActiveCfg = Debug|Any CPU
		{F6EAD428-E6CF-4DF6-B2F3-D33D532C5343}.Debug|Any CPU.Build.0 = Debug|Any CPU
		{F6EAD428-E6CF-4DF6-B2F3-D33D532C5343}.Release|Any CPU.ActiveCfg = Release|Any CPU
		{F6EAD428-E6CF-4DF6-B2F3-D33D532C5343}.Release|Any CPU.Build.0 = Release|Any CPU
		{F6EAD428-E6CF-4DF6-B2F3-D33D532C5343}.UNIT_TESTS_USAGE_TRACKING|Any CPU.ActiveCfg = UNIT_TESTS_USAGE_TRACKING|Any CPU
		{F6EAD428-E6CF-4DF6-B2F3-D33D532C5343}.UNIT_TESTS_USAGE_TRACKING|Any CPU.Build.0 = UNIT_TESTS_USAGE_TRACKING|Any CPU
		{26E9A01A-64B5-42C5-8252-FBB30DF9CEC7}.Debug|Any CPU.ActiveCfg = Debug|Any CPU
		{26E9A01A-64B5-42C5-8252-FBB30DF9CEC7}.Debug|Any CPU.Build.0 = Debug|Any CPU
		{26E9A01A-64B5-42C5-8252-FBB30DF9CEC7}.Release|Any CPU.ActiveCfg = Release|Any CPU
		{26E9A01A-64B5-42C5-8252-FBB30DF9CEC7}.Release|Any CPU.Build.0 = Release|Any CPU
		{26E9A01A-64B5-42C5-8252-FBB30DF9CEC7}.UNIT_TESTS_USAGE_TRACKING|Any CPU.ActiveCfg = Release|Any CPU
		{26E9A01A-64B5-42C5-8252-FBB30DF9CEC7}.UNIT_TESTS_USAGE_TRACKING|Any CPU.Build.0 = Release|Any CPU
		{AD9ECE2B-8268-4115-8DC8-860FBD011FFF}.Debug|Any CPU.ActiveCfg = Debug|Any CPU
		{AD9ECE2B-8268-4115-8DC8-860FBD011FFF}.Debug|Any CPU.Build.0 = Debug|Any CPU
		{AD9ECE2B-8268-4115-8DC8-860FBD011FFF}.Release|Any CPU.ActiveCfg = Release|Any CPU
		{AD9ECE2B-8268-4115-8DC8-860FBD011FFF}.Release|Any CPU.Build.0 = Release|Any CPU
		{AD9ECE2B-8268-4115-8DC8-860FBD011FFF}.UNIT_TESTS_USAGE_TRACKING|Any CPU.ActiveCfg = Release|Any CPU
		{AD9ECE2B-8268-4115-8DC8-860FBD011FFF}.UNIT_TESTS_USAGE_TRACKING|Any CPU.Build.0 = Release|Any CPU
		{FEFD73C5-8541-47D2-BBDB-FF61DEA28291}.Debug|Any CPU.ActiveCfg = Debug|Any CPU
		{FEFD73C5-8541-47D2-BBDB-FF61DEA28291}.Debug|Any CPU.Build.0 = Debug|Any CPU
		{FEFD73C5-8541-47D2-BBDB-FF61DEA28291}.Release|Any CPU.ActiveCfg = Release|Any CPU
		{FEFD73C5-8541-47D2-BBDB-FF61DEA28291}.Release|Any CPU.Build.0 = Release|Any CPU
		{FEFD73C5-8541-47D2-BBDB-FF61DEA28291}.UNIT_TESTS_USAGE_TRACKING|Any CPU.ActiveCfg = Release|Any CPU
		{FEFD73C5-8541-47D2-BBDB-FF61DEA28291}.UNIT_TESTS_USAGE_TRACKING|Any CPU.Build.0 = Release|Any CPU
		{E2F1A5D4-73A4-4BA6-AA5A-87BBDEC727F8}.Debug|Any CPU.ActiveCfg = Debug|Any CPU
		{E2F1A5D4-73A4-4BA6-AA5A-87BBDEC727F8}.Debug|Any CPU.Build.0 = Debug|Any CPU
		{E2F1A5D4-73A4-4BA6-AA5A-87BBDEC727F8}.Release|Any CPU.ActiveCfg = Release|Any CPU
		{E2F1A5D4-73A4-4BA6-AA5A-87BBDEC727F8}.Release|Any CPU.Build.0 = Release|Any CPU
		{E2F1A5D4-73A4-4BA6-AA5A-87BBDEC727F8}.UNIT_TESTS_USAGE_TRACKING|Any CPU.ActiveCfg = Release|Any CPU
		{E2F1A5D4-73A4-4BA6-AA5A-87BBDEC727F8}.UNIT_TESTS_USAGE_TRACKING|Any CPU.Build.0 = Release|Any CPU
		{B5EBFFD7-6641-4932-91C9-4C4322B41868}.Debug|Any CPU.ActiveCfg = Debug|Any CPU
		{B5EBFFD7-6641-4932-91C9-4C4322B41868}.Debug|Any CPU.Build.0 = Debug|Any CPU
		{B5EBFFD7-6641-4932-91C9-4C4322B41868}.Release|Any CPU.ActiveCfg = Release|Any CPU
		{B5EBFFD7-6641-4932-91C9-4C4322B41868}.Release|Any CPU.Build.0 = Release|Any CPU
		{B5EBFFD7-6641-4932-91C9-4C4322B41868}.UNIT_TESTS_USAGE_TRACKING|Any CPU.ActiveCfg = Release|Any CPU
		{B5EBFFD7-6641-4932-91C9-4C4322B41868}.UNIT_TESTS_USAGE_TRACKING|Any CPU.Build.0 = Release|Any CPU
		{CBD5EBD0-7AE9-4824-AE8C-4888983E1B5B}.Debug|Any CPU.ActiveCfg = Debug|Any CPU
		{CBD5EBD0-7AE9-4824-AE8C-4888983E1B5B}.Debug|Any CPU.Build.0 = Debug|Any CPU
		{CBD5EBD0-7AE9-4824-AE8C-4888983E1B5B}.Release|Any CPU.ActiveCfg = Release|Any CPU
		{CBD5EBD0-7AE9-4824-AE8C-4888983E1B5B}.Release|Any CPU.Build.0 = Release|Any CPU
		{CBD5EBD0-7AE9-4824-AE8C-4888983E1B5B}.UNIT_TESTS_USAGE_TRACKING|Any CPU.ActiveCfg = Release|Any CPU
		{CBD5EBD0-7AE9-4824-AE8C-4888983E1B5B}.UNIT_TESTS_USAGE_TRACKING|Any CPU.Build.0 = Release|Any CPU
		{09F49217-CD98-4773-8CFB-594F189EEE3B}.Debug|Any CPU.ActiveCfg = Debug|Any CPU
		{09F49217-CD98-4773-8CFB-594F189EEE3B}.Debug|Any CPU.Build.0 = Debug|Any CPU
		{09F49217-CD98-4773-8CFB-594F189EEE3B}.Release|Any CPU.ActiveCfg = Release|Any CPU
		{09F49217-CD98-4773-8CFB-594F189EEE3B}.Release|Any CPU.Build.0 = Release|Any CPU
		{09F49217-CD98-4773-8CFB-594F189EEE3B}.UNIT_TESTS_USAGE_TRACKING|Any CPU.ActiveCfg = Release|Any CPU
		{09F49217-CD98-4773-8CFB-594F189EEE3B}.UNIT_TESTS_USAGE_TRACKING|Any CPU.Build.0 = Release|Any CPU
		{085823EA-DDAE-4DAF-A99D-17F75A03CF23}.Debug|Any CPU.ActiveCfg = Debug|Any CPU
		{085823EA-DDAE-4DAF-A99D-17F75A03CF23}.Debug|Any CPU.Build.0 = Debug|Any CPU
		{085823EA-DDAE-4DAF-A99D-17F75A03CF23}.Release|Any CPU.ActiveCfg = Release|Any CPU
		{085823EA-DDAE-4DAF-A99D-17F75A03CF23}.Release|Any CPU.Build.0 = Release|Any CPU
		{085823EA-DDAE-4DAF-A99D-17F75A03CF23}.UNIT_TESTS_USAGE_TRACKING|Any CPU.ActiveCfg = Release|Any CPU
		{085823EA-DDAE-4DAF-A99D-17F75A03CF23}.UNIT_TESTS_USAGE_TRACKING|Any CPU.Build.0 = Release|Any CPU
	EndGlobalSection
	GlobalSection(SolutionProperties) = preSolution
		HideSolutionNode = FALSE
	EndGlobalSection
EndGlobal
