
Microsoft Visual Studio Solution File, Format Version 11.00
# Visual Studio 2010
Project("{2150E333-8FDC-42A3-9474-1A3956D46DE8}") = "Solution Items", "Solution Items", "{EE365C28-1573-42BB-866E-0CA92A3ACE93}"
	ProjectSection(SolutionItems) = preProject
		RisServer_dist.proj = RisServer_dist.proj
	EndProjectSection
EndProject
Project("{FAE04EC0-301F-11D3-BF4B-00C04F79EFBC}") = "ClearCanvas.Common", "..\..\Common\ClearCanvas.Common.csproj", "{F6EAD428-E6CF-4DF6-B2F3-D33D532C5343}"
EndProject
Project("{FAE04EC0-301F-11D3-BF4B-00C04F79EFBC}") = "ClearCanvas.Healthcare", "..\..\Healthcare\ClearCanvas.Healthcare.csproj", "{748C08F1-FD6E-49F6-90BB-90C3A323C714}"
EndProject
Project("{FAE04EC0-301F-11D3-BF4B-00C04F79EFBC}") = "ClearCanvas.Healthcare.Hibernate", "..\..\Healthcare\Hibernate\ClearCanvas.Healthcare.Hibernate.csproj", "{FFBEB9C1-2E09-4A9E-A863-B104CFDC55F1}"
EndProject
Project("{FAE04EC0-301F-11D3-BF4B-00C04F79EFBC}") = "ClearCanvas.Workflow", "..\..\Workflow\ClearCanvas.Workflow.csproj", "{576C4A35-B314-49D0-BF53-4BD43D8D1F31}"
EndProject
Project("{FAE04EC0-301F-11D3-BF4B-00C04F79EFBC}") = "ClearCanvas.Workflow.Hibernate", "..\..\Workflow\Hibernate\ClearCanvas.Workflow.Hibernate.csproj", "{8B6F26E3-F067-414E-BEAA-F27481E0EFE0}"
EndProject
Project("{FAE04EC0-301F-11D3-BF4B-00C04F79EFBC}") = "ClearCanvas.Enterprise.Configuration", "..\..\Enterprise\Configuration\ClearCanvas.Enterprise.Configuration.csproj", "{487A1D60-7FD7-4EBB-8EF2-2E0FA49652FD}"
EndProject
Project("{FAE04EC0-301F-11D3-BF4B-00C04F79EFBC}") = "ClearCanvas.Enterprise.Configuration.Hibernate", "..\..\Enterprise\Configuration\Hibernate\ClearCanvas.Enterprise.Configuration.Hibernate.csproj", "{32C097AB-931A-44B0-9ED2-B6F343C3F588}"
EndProject
Project("{FAE04EC0-301F-11D3-BF4B-00C04F79EFBC}") = "ClearCanvas.Ris.Server", "ClearCanvas.Ris.Server.csproj", "{977A05C3-8145-4EB0-A620-6526F91B2016}"
EndProject
Project("{FAE04EC0-301F-11D3-BF4B-00C04F79EFBC}") = "ClearCanvas.Ris.Server.Executable", "Executable\ClearCanvas.Ris.Server.Executable.csproj", "{E5F0BD79-A7CF-4356-AD62-0AA3DEBFAB9A}"
	ProjectSection(ProjectDependencies) = postProject
		{EE5C649B-3AF6-4000-A590-335288A0EBD6} = {EE5C649B-3AF6-4000-A590-335288A0EBD6}
		{748C08F1-FD6E-49F6-90BB-90C3A323C714} = {748C08F1-FD6E-49F6-90BB-90C3A323C714}
		{8B6F26E3-F067-414E-BEAA-F27481E0EFE0} = {8B6F26E3-F067-414E-BEAA-F27481E0EFE0}
		{B5EBFFD7-6641-4932-91C9-4C4322B41868} = {B5EBFFD7-6641-4932-91C9-4C4322B41868}
		{8FC2F7CD-F35B-4AF2-BD98-3F3F75FA9E07} = {8FC2F7CD-F35B-4AF2-BD98-3F3F75FA9E07}
		{977A05C3-8145-4EB0-A620-6526F91B2016} = {977A05C3-8145-4EB0-A620-6526F91B2016}
		{4CED35C2-4659-492D-8F85-F560E469BE11} = {4CED35C2-4659-492D-8F85-F560E469BE11}
		{FFBEB9C1-2E09-4A9E-A863-B104CFDC55F1} = {FFBEB9C1-2E09-4A9E-A863-B104CFDC55F1}
		{32C097AB-931A-44B0-9ED2-B6F343C3F588} = {32C097AB-931A-44B0-9ED2-B6F343C3F588}
		{E2266084-462A-446F-9CEA-9D132BC36851} = {E2266084-462A-446F-9CEA-9D132BC36851}
		{11548867-F0DC-4142-82E8-59EBC36B8980} = {11548867-F0DC-4142-82E8-59EBC36B8980}
		{487A1D60-7FD7-4EBB-8EF2-2E0FA49652FD} = {487A1D60-7FD7-4EBB-8EF2-2E0FA49652FD}
		{298A5358-EF8F-4D27-A935-5E0E2BEF754F} = {298A5358-EF8F-4D27-A935-5E0E2BEF754F}
		{431E9444-9915-4D49-B92D-9B7EC086622A} = {431E9444-9915-4D49-B92D-9B7EC086622A}
		{576C4A35-B314-49D0-BF53-4BD43D8D1F31} = {576C4A35-B314-49D0-BF53-4BD43D8D1F31}
		{8347B928-805E-42E7-B980-08D8AF1A0671} = {8347B928-805E-42E7-B980-08D8AF1A0671}
		{09F49217-CD98-4773-8CFB-594F189EEE3B} = {09F49217-CD98-4773-8CFB-594F189EEE3B}
		{F3AC6B07-4E21-4BE2-875E-E4FC7BD240D0} = {F3AC6B07-4E21-4BE2-875E-E4FC7BD240D0}
	EndProjectSection
EndProject
Project("{FAE04EC0-301F-11D3-BF4B-00C04F79EFBC}") = "ClearCanvas.Enterprise.Common", "..\..\Enterprise\Common\ClearCanvas.Enterprise.Common.csproj", "{B5EBFFD7-6641-4932-91C9-4C4322B41868}"
EndProject
Project("{FAE04EC0-301F-11D3-BF4B-00C04F79EFBC}") = "ClearCanvas.Enterprise.Core", "..\..\Enterprise\Core\ClearCanvas.Enterprise.Core.csproj", "{431E9444-9915-4D49-B92D-9B7EC086622A}"
EndProject
Project("{FAE04EC0-301F-11D3-BF4B-00C04F79EFBC}") = "ClearCanvas.Enterprise.Authentication", "..\..\Enterprise\Authentication\ClearCanvas.Enterprise.Authentication.csproj", "{F3AC6B07-4E21-4BE2-875E-E4FC7BD240D0}"
EndProject
Project("{FAE04EC0-301F-11D3-BF4B-00C04F79EFBC}") = "ClearCanvas.Enterprise.Authentication.Hibernate", "..\..\Enterprise\Authentication\Hibernate\ClearCanvas.Enterprise.Authentication.Hibernate.csproj", "{E2266084-462A-446F-9CEA-9D132BC36851}"
EndProject
Project("{FAE04EC0-301F-11D3-BF4B-00C04F79EFBC}") = "ClearCanvas.Enterprise.Hibernate", "..\..\Enterprise\Hibernate\ClearCanvas.Enterprise.Hibernate.csproj", "{4CED35C2-4659-492D-8F85-F560E469BE11}"
EndProject
Project("{FAE04EC0-301F-11D3-BF4B-00C04F79EFBC}") = "ClearCanvas.Enterprise.Hibernate.DdlWriter", "..\..\Enterprise\Hibernate\DdlWriter\ClearCanvas.Enterprise.Hibernate.DdlWriter.csproj", "{298A5358-EF8F-4D27-A935-5E0E2BEF754F}"
EndProject
Project("{FAE04EC0-301F-11D3-BF4B-00C04F79EFBC}") = "ClearCanvas.Ris.Application.Common", "..\Application\Common\ClearCanvas.Ris.Application.Common.csproj", "{09F49217-CD98-4773-8CFB-594F189EEE3B}"
EndProject
Project("{FAE04EC0-301F-11D3-BF4B-00C04F79EFBC}") = "ClearCanvas.Ris.Application.Services", "..\Application\Services\ClearCanvas.Ris.Application.Services.csproj", "{11548867-F0DC-4142-82E8-59EBC36B8980}"
EndProject
Project("{FAE04EC0-301F-11D3-BF4B-00C04F79EFBC}") = "ClearCanvas.Server.ShredHost", "..\..\Server\ShredHost\ClearCanvas.Server.ShredHost.csproj", "{8347B928-805E-42E7-B980-08D8AF1A0671}"
EndProject
Project("{FAE04EC0-301F-11D3-BF4B-00C04F79EFBC}") = "ClearCanvas.Server.ShredHostService", "..\..\Server\ShredHostService\ClearCanvas.Server.ShredHostService.csproj", "{8FC2F7CD-F35B-4AF2-BD98-3F3F75FA9E07}"
	ProjectSection(ProjectDependencies) = postProject
		{EE5C649B-3AF6-4000-A590-335288A0EBD6} = {EE5C649B-3AF6-4000-A590-335288A0EBD6}
		{748C08F1-FD6E-49F6-90BB-90C3A323C714} = {748C08F1-FD6E-49F6-90BB-90C3A323C714}
		{8B6F26E3-F067-414E-BEAA-F27481E0EFE0} = {8B6F26E3-F067-414E-BEAA-F27481E0EFE0}
		{B5EBFFD7-6641-4932-91C9-4C4322B41868} = {B5EBFFD7-6641-4932-91C9-4C4322B41868}
		{977A05C3-8145-4EB0-A620-6526F91B2016} = {977A05C3-8145-4EB0-A620-6526F91B2016}
		{4CED35C2-4659-492D-8F85-F560E469BE11} = {4CED35C2-4659-492D-8F85-F560E469BE11}
		{FFBEB9C1-2E09-4A9E-A863-B104CFDC55F1} = {FFBEB9C1-2E09-4A9E-A863-B104CFDC55F1}
		{32C097AB-931A-44B0-9ED2-B6F343C3F588} = {32C097AB-931A-44B0-9ED2-B6F343C3F588}
		{E2266084-462A-446F-9CEA-9D132BC36851} = {E2266084-462A-446F-9CEA-9D132BC36851}
		{11548867-F0DC-4142-82E8-59EBC36B8980} = {11548867-F0DC-4142-82E8-59EBC36B8980}
		{487A1D60-7FD7-4EBB-8EF2-2E0FA49652FD} = {487A1D60-7FD7-4EBB-8EF2-2E0FA49652FD}
		{298A5358-EF8F-4D27-A935-5E0E2BEF754F} = {298A5358-EF8F-4D27-A935-5E0E2BEF754F}
		{431E9444-9915-4D49-B92D-9B7EC086622A} = {431E9444-9915-4D49-B92D-9B7EC086622A}
		{576C4A35-B314-49D0-BF53-4BD43D8D1F31} = {576C4A35-B314-49D0-BF53-4BD43D8D1F31}
		{F6EAD428-E6CF-4DF6-B2F3-D33D532C5343} = {F6EAD428-E6CF-4DF6-B2F3-D33D532C5343}
		{8347B928-805E-42E7-B980-08D8AF1A0671} = {8347B928-805E-42E7-B980-08D8AF1A0671}
		{09F49217-CD98-4773-8CFB-594F189EEE3B} = {09F49217-CD98-4773-8CFB-594F189EEE3B}
		{F3AC6B07-4E21-4BE2-875E-E4FC7BD240D0} = {F3AC6B07-4E21-4BE2-875E-E4FC7BD240D0}
	EndProjectSection
EndProject
Project("{FAE04EC0-301F-11D3-BF4B-00C04F79EFBC}") = "ClearCanvas.Ris.Shreds", "..\Shreds\ClearCanvas.Ris.Shreds.csproj", "{EE5C649B-3AF6-4000-A590-335288A0EBD6}"
EndProject
Project("{FAE04EC0-301F-11D3-BF4B-00C04F79EFBC}") = "ClearCanvas.Dicom", "..\..\Dicom\ClearCanvas.Dicom.csproj", "{AD9ECE2B-8268-4115-8DC8-860FBD011FFF}"
EndProject
Project("{FAE04EC0-301F-11D3-BF4B-00C04F79EFBC}") = "ClearCanvas.Utilities.Manifest", "..\..\Utilities\Manifest\ClearCanvas.Utilities.Manifest.csproj", "{E2F1A5D4-73A4-4BA6-AA5A-87BBDEC727F8}"
EndProject
Global
	GlobalSection(SolutionConfigurationPlatforms) = preSolution
		Debug|Any CPU = Debug|Any CPU
		Release|Any CPU = Release|Any CPU
	EndGlobalSection
	GlobalSection(ProjectConfigurationPlatforms) = postSolution
		{F6EAD428-E6CF-4DF6-B2F3-D33D532C5343}.Debug|Any CPU.ActiveCfg = Debug|Any CPU
		{F6EAD428-E6CF-4DF6-B2F3-D33D532C5343}.Debug|Any CPU.Build.0 = Debug|Any CPU
		{F6EAD428-E6CF-4DF6-B2F3-D33D532C5343}.Release|Any CPU.ActiveCfg = Release|Any CPU
		{F6EAD428-E6CF-4DF6-B2F3-D33D532C5343}.Release|Any CPU.Build.0 = Release|Any CPU
		{748C08F1-FD6E-49F6-90BB-90C3A323C714}.Debug|Any CPU.ActiveCfg = Debug|Any CPU
		{748C08F1-FD6E-49F6-90BB-90C3A323C714}.Debug|Any CPU.Build.0 = Debug|Any CPU
		{748C08F1-FD6E-49F6-90BB-90C3A323C714}.Release|Any CPU.ActiveCfg = Release|Any CPU
		{748C08F1-FD6E-49F6-90BB-90C3A323C714}.Release|Any CPU.Build.0 = Release|Any CPU
		{FFBEB9C1-2E09-4A9E-A863-B104CFDC55F1}.Debug|Any CPU.ActiveCfg = Debug|Any CPU
		{FFBEB9C1-2E09-4A9E-A863-B104CFDC55F1}.Debug|Any CPU.Build.0 = Debug|Any CPU
		{FFBEB9C1-2E09-4A9E-A863-B104CFDC55F1}.Release|Any CPU.ActiveCfg = Release|Any CPU
		{FFBEB9C1-2E09-4A9E-A863-B104CFDC55F1}.Release|Any CPU.Build.0 = Release|Any CPU
		{576C4A35-B314-49D0-BF53-4BD43D8D1F31}.Debug|Any CPU.ActiveCfg = Debug|Any CPU
		{576C4A35-B314-49D0-BF53-4BD43D8D1F31}.Debug|Any CPU.Build.0 = Debug|Any CPU
		{576C4A35-B314-49D0-BF53-4BD43D8D1F31}.Release|Any CPU.ActiveCfg = Release|Any CPU
		{576C4A35-B314-49D0-BF53-4BD43D8D1F31}.Release|Any CPU.Build.0 = Release|Any CPU
		{8B6F26E3-F067-414E-BEAA-F27481E0EFE0}.Debug|Any CPU.ActiveCfg = Debug|Any CPU
		{8B6F26E3-F067-414E-BEAA-F27481E0EFE0}.Debug|Any CPU.Build.0 = Debug|Any CPU
		{8B6F26E3-F067-414E-BEAA-F27481E0EFE0}.Release|Any CPU.ActiveCfg = Release|Any CPU
		{8B6F26E3-F067-414E-BEAA-F27481E0EFE0}.Release|Any CPU.Build.0 = Release|Any CPU
		{487A1D60-7FD7-4EBB-8EF2-2E0FA49652FD}.Debug|Any CPU.ActiveCfg = Debug|Any CPU
		{487A1D60-7FD7-4EBB-8EF2-2E0FA49652FD}.Debug|Any CPU.Build.0 = Debug|Any CPU
		{487A1D60-7FD7-4EBB-8EF2-2E0FA49652FD}.Release|Any CPU.ActiveCfg = Release|Any CPU
		{487A1D60-7FD7-4EBB-8EF2-2E0FA49652FD}.Release|Any CPU.Build.0 = Release|Any CPU
		{32C097AB-931A-44B0-9ED2-B6F343C3F588}.Debug|Any CPU.ActiveCfg = Debug|Any CPU
		{32C097AB-931A-44B0-9ED2-B6F343C3F588}.Debug|Any CPU.Build.0 = Debug|Any CPU
		{32C097AB-931A-44B0-9ED2-B6F343C3F588}.Release|Any CPU.ActiveCfg = Release|Any CPU
		{32C097AB-931A-44B0-9ED2-B6F343C3F588}.Release|Any CPU.Build.0 = Release|Any CPU
		{977A05C3-8145-4EB0-A620-6526F91B2016}.Debug|Any CPU.ActiveCfg = Debug|Any CPU
		{977A05C3-8145-4EB0-A620-6526F91B2016}.Debug|Any CPU.Build.0 = Debug|Any CPU
		{977A05C3-8145-4EB0-A620-6526F91B2016}.Release|Any CPU.ActiveCfg = Release|Any CPU
		{977A05C3-8145-4EB0-A620-6526F91B2016}.Release|Any CPU.Build.0 = Release|Any CPU
		{E5F0BD79-A7CF-4356-AD62-0AA3DEBFAB9A}.Debug|Any CPU.ActiveCfg = Debug|Any CPU
		{E5F0BD79-A7CF-4356-AD62-0AA3DEBFAB9A}.Debug|Any CPU.Build.0 = Debug|Any CPU
		{E5F0BD79-A7CF-4356-AD62-0AA3DEBFAB9A}.Release|Any CPU.ActiveCfg = Release|Any CPU
		{E5F0BD79-A7CF-4356-AD62-0AA3DEBFAB9A}.Release|Any CPU.Build.0 = Release|Any CPU
		{B5EBFFD7-6641-4932-91C9-4C4322B41868}.Debug|Any CPU.ActiveCfg = Debug|Any CPU
		{B5EBFFD7-6641-4932-91C9-4C4322B41868}.Debug|Any CPU.Build.0 = Debug|Any CPU
		{B5EBFFD7-6641-4932-91C9-4C4322B41868}.Release|Any CPU.ActiveCfg = Release|Any CPU
		{B5EBFFD7-6641-4932-91C9-4C4322B41868}.Release|Any CPU.Build.0 = Release|Any CPU
		{431E9444-9915-4D49-B92D-9B7EC086622A}.Debug|Any CPU.ActiveCfg = Debug|Any CPU
		{431E9444-9915-4D49-B92D-9B7EC086622A}.Debug|Any CPU.Build.0 = Debug|Any CPU
		{431E9444-9915-4D49-B92D-9B7EC086622A}.Release|Any CPU.ActiveCfg = Release|Any CPU
		{431E9444-9915-4D49-B92D-9B7EC086622A}.Release|Any CPU.Build.0 = Release|Any CPU
		{F3AC6B07-4E21-4BE2-875E-E4FC7BD240D0}.Debug|Any CPU.ActiveCfg = Debug|Any CPU
		{F3AC6B07-4E21-4BE2-875E-E4FC7BD240D0}.Debug|Any CPU.Build.0 = Debug|Any CPU
		{F3AC6B07-4E21-4BE2-875E-E4FC7BD240D0}.Release|Any CPU.ActiveCfg = Release|Any CPU
		{F3AC6B07-4E21-4BE2-875E-E4FC7BD240D0}.Release|Any CPU.Build.0 = Release|Any CPU
		{E2266084-462A-446F-9CEA-9D132BC36851}.Debug|Any CPU.ActiveCfg = Debug|Any CPU
		{E2266084-462A-446F-9CEA-9D132BC36851}.Debug|Any CPU.Build.0 = Debug|Any CPU
		{E2266084-462A-446F-9CEA-9D132BC36851}.Release|Any CPU.ActiveCfg = Release|Any CPU
		{E2266084-462A-446F-9CEA-9D132BC36851}.Release|Any CPU.Build.0 = Release|Any CPU
		{4CED35C2-4659-492D-8F85-F560E469BE11}.Debug|Any CPU.ActiveCfg = Debug|Any CPU
		{4CED35C2-4659-492D-8F85-F560E469BE11}.Debug|Any CPU.Build.0 = Debug|Any CPU
		{4CED35C2-4659-492D-8F85-F560E469BE11}.Release|Any CPU.ActiveCfg = Release|Any CPU
		{4CED35C2-4659-492D-8F85-F560E469BE11}.Release|Any CPU.Build.0 = Release|Any CPU
		{298A5358-EF8F-4D27-A935-5E0E2BEF754F}.Debug|Any CPU.ActiveCfg = Debug|Any CPU
		{298A5358-EF8F-4D27-A935-5E0E2BEF754F}.Debug|Any CPU.Build.0 = Debug|Any CPU
		{298A5358-EF8F-4D27-A935-5E0E2BEF754F}.Release|Any CPU.ActiveCfg = Release|Any CPU
		{298A5358-EF8F-4D27-A935-5E0E2BEF754F}.Release|Any CPU.Build.0 = Release|Any CPU
		{09F49217-CD98-4773-8CFB-594F189EEE3B}.Debug|Any CPU.ActiveCfg = Debug|Any CPU
		{09F49217-CD98-4773-8CFB-594F189EEE3B}.Debug|Any CPU.Build.0 = Debug|Any CPU
		{09F49217-CD98-4773-8CFB-594F189EEE3B}.Release|Any CPU.ActiveCfg = Release|Any CPU
		{09F49217-CD98-4773-8CFB-594F189EEE3B}.Release|Any CPU.Build.0 = Release|Any CPU
		{11548867-F0DC-4142-82E8-59EBC36B8980}.Debug|Any CPU.ActiveCfg = Debug|Any CPU
		{11548867-F0DC-4142-82E8-59EBC36B8980}.Debug|Any CPU.Build.0 = Debug|Any CPU
		{11548867-F0DC-4142-82E8-59EBC36B8980}.Release|Any CPU.ActiveCfg = Release|Any CPU
		{11548867-F0DC-4142-82E8-59EBC36B8980}.Release|Any CPU.Build.0 = Release|Any CPU
		{8347B928-805E-42E7-B980-08D8AF1A0671}.Debug|Any CPU.ActiveCfg = Debug|Any CPU
		{8347B928-805E-42E7-B980-08D8AF1A0671}.Debug|Any CPU.Build.0 = Debug|Any CPU
		{8347B928-805E-42E7-B980-08D8AF1A0671}.Release|Any CPU.ActiveCfg = Release|Any CPU
		{8347B928-805E-42E7-B980-08D8AF1A0671}.Release|Any CPU.Build.0 = Release|Any CPU
		{8FC2F7CD-F35B-4AF2-BD98-3F3F75FA9E07}.Debug|Any CPU.ActiveCfg = Debug|Any CPU
		{8FC2F7CD-F35B-4AF2-BD98-3F3F75FA9E07}.Debug|Any CPU.Build.0 = Debug|Any CPU
		{8FC2F7CD-F35B-4AF2-BD98-3F3F75FA9E07}.Release|Any CPU.ActiveCfg = Release|Any CPU
		{8FC2F7CD-F35B-4AF2-BD98-3F3F75FA9E07}.Release|Any CPU.Build.0 = Release|Any CPU
		{EE5C649B-3AF6-4000-A590-335288A0EBD6}.Debug|Any CPU.ActiveCfg = Debug|Any CPU
		{EE5C649B-3AF6-4000-A590-335288A0EBD6}.Debug|Any CPU.Build.0 = Debug|Any CPU
		{EE5C649B-3AF6-4000-A590-335288A0EBD6}.Release|Any CPU.ActiveCfg = Release|Any CPU
		{EE5C649B-3AF6-4000-A590-335288A0EBD6}.Release|Any CPU.Build.0 = Release|Any CPU
		{AD9ECE2B-8268-4115-8DC8-860FBD011FFF}.Debug|Any CPU.ActiveCfg = Debug|Any CPU
		{AD9ECE2B-8268-4115-8DC8-860FBD011FFF}.Debug|Any CPU.Build.0 = Debug|Any CPU
		{AD9ECE2B-8268-4115-8DC8-860FBD011FFF}.Release|Any CPU.ActiveCfg = Release|Any CPU
		{AD9ECE2B-8268-4115-8DC8-860FBD011FFF}.Release|Any CPU.Build.0 = Release|Any CPU
		{E2F1A5D4-73A4-4BA6-AA5A-87BBDEC727F8}.Debug|Any CPU.ActiveCfg = Debug|Any CPU
		{E2F1A5D4-73A4-4BA6-AA5A-87BBDEC727F8}.Debug|Any CPU.Build.0 = Debug|Any CPU
		{E2F1A5D4-73A4-4BA6-AA5A-87BBDEC727F8}.Release|Any CPU.ActiveCfg = Release|Any CPU
		{E2F1A5D4-73A4-4BA6-AA5A-87BBDEC727F8}.Release|Any CPU.Build.0 = Release|Any CPU
	EndGlobalSection
	GlobalSection(SolutionProperties) = preSolution
		HideSolutionNode = FALSE
	EndGlobalSection
	GlobalSection(ExtensibilityGlobals) = postSolution
		VisualSVNWorkingCopyRoot = ..\..
	EndGlobalSection
	GlobalSection(TextTemplating) = postSolution
		TextTemplating = 1
	EndGlobalSection
EndGlobal
