
Microsoft Visual Studio Solution File, Format Version 11.00
# Visual Studio 2010
Project("{FAE04EC0-301F-11D3-BF4B-00C04F79EFBC}") = "ClearCanvas.Dicom", "ClearCanvas.Dicom.csproj", "{AD9ECE2B-8268-4115-8DC8-860FBD011FFF}"
EndProject
Project("{FAE04EC0-301F-11D3-BF4B-00C04F79EFBC}") = "ClearCanvas.Dicom.Samples", "Samples\ClearCanvas.Dicom.Samples.csproj", "{F861DCC5-2BC0-4B8B-8DCD-656A3206E2A0}"
	ProjectSection(ProjectDependencies) = postProject
		{8BAE0115-0959-4AF8-82AD-7F599D5850AC} = {8BAE0115-0959-4AF8-82AD-7F599D5850AC}
		{B389F627-F243-4B7E-8A04-90E1071B2754} = {B389F627-F243-4B7E-8A04-90E1071B2754}
		{FC264853-24DF-4E17-BC69-871BAF421A6D} = {FC264853-24DF-4E17-BC69-871BAF421A6D}
		{AB89527E-B1B6-49A4-B3A0-D07948FC23E0} = {AB89527E-B1B6-49A4-B3A0-D07948FC23E0}
		{9779F796-68BA-4F46-8B6D-BF1F77819C8E} = {9779F796-68BA-4F46-8B6D-BF1F77819C8E}
		{A0385D99-56DF-45BB-9DB2-1E170B219F5E} = {A0385D99-56DF-45BB-9DB2-1E170B219F5E}
		{497CEAC5-C575-47A7-9230-610D6A3B6A2A} = {497CEAC5-C575-47A7-9230-610D6A3B6A2A}
	EndProjectSection
EndProject
Project("{FAE04EC0-301F-11D3-BF4B-00C04F79EFBC}") = "ClearCanvas.Dicom.DataDictionaryGenerator", "DataDictionaryGenerator\ClearCanvas.Dicom.DataDictionaryGenerator.csproj", "{BFB50CA0-87D7-4228-999B-9E2E5CEB38B1}"
EndProject
Project("{FAE04EC0-301F-11D3-BF4B-00C04F79EFBC}") = "ClearCanvas.Dicom.DicomDump", "DicomDump\ClearCanvas.Dicom.DicomDump.csproj", "{C9F71CD6-84E8-461F-A0A6-F7C359F0A6D1}"
EndProject
Project("{FAE04EC0-301F-11D3-BF4B-00C04F79EFBC}") = "ClearCanvas.Common", "..\Common\ClearCanvas.Common.csproj", "{F6EAD428-E6CF-4DF6-B2F3-D33D532C5343}"
EndProject
Project("{8BC9CEB8-8B4A-11D0-8D11-00A0C91BC942}") = "ClearCanvas.Dicom.Codec.Jpeg", "Codec\Jpeg\Jpeg.vcxproj", "{FC264853-24DF-4E17-BC69-871BAF421A6D}"
EndProject
Project("{8BC9CEB8-8B4A-11D0-8D11-00A0C91BC942}") = "libijg8", "Codec\Jpeg\libijg8\libijg8.vcxproj", "{A0385D99-56DF-45BB-9DB2-1E170B219F5E}"
EndProject
Project("{8BC9CEB8-8B4A-11D0-8D11-00A0C91BC942}") = "libijg12", "Codec\Jpeg\libijg12\libijg12.vcxproj", "{9779F796-68BA-4F46-8B6D-BF1F77819C8E}"
EndProject
Project("{8BC9CEB8-8B4A-11D0-8D11-00A0C91BC942}") = "libijg16", "Codec\Jpeg\libijg16\libijg16.vcxproj", "{8BAE0115-0959-4AF8-82AD-7F599D5850AC}"
EndProject
Project("{8BC9CEB8-8B4A-11D0-8D11-00A0C91BC942}") = "ClearCanvas.Dicom.Codec.Jpeg2000", "Codec\Jpeg2000\Dicom.Jpeg2000.vcxproj", "{B389F627-F243-4B7E-8A04-90E1071B2754}"
EndProject
Project("{8BC9CEB8-8B4A-11D0-8D11-00A0C91BC942}") = "OpenJPEG", "Codec\Jpeg2000\OpenJPEG\OpenJPEG.vcxproj", "{497CEAC5-C575-47A7-9230-610D6A3B6A2A}"
EndProject
Project("{FAE04EC0-301F-11D3-BF4B-00C04F79EFBC}") = "ClearCanvas.Dicom.Codec.Rle", "Codec\Rle\ClearCanvas.Dicom.Codec.Rle.csproj", "{AB89527E-B1B6-49A4-B3A0-D07948FC23E0}"
EndProject
Global
	GlobalSection(SolutionConfigurationPlatforms) = preSolution
		Debug|Any CPU = Debug|Any CPU
		Debug|Mixed Platforms = Debug|Mixed Platforms
		Debug|x64 = Debug|x64
		Debug|x86 = Debug|x86
		Release|Any CPU = Release|Any CPU
		Release|Mixed Platforms = Release|Mixed Platforms
		Release|x64 = Release|x64
		Release|x86 = Release|x86
	EndGlobalSection
	GlobalSection(ProjectConfigurationPlatforms) = postSolution
		{AD9ECE2B-8268-4115-8DC8-860FBD011FFF}.Debug|Any CPU.ActiveCfg = Debug|Any CPU
		{AD9ECE2B-8268-4115-8DC8-860FBD011FFF}.Debug|Any CPU.Build.0 = Debug|Any CPU
		{AD9ECE2B-8268-4115-8DC8-860FBD011FFF}.Debug|Mixed Platforms.ActiveCfg = Debug|Any CPU
		{AD9ECE2B-8268-4115-8DC8-860FBD011FFF}.Debug|Mixed Platforms.Build.0 = Debug|Any CPU
		{AD9ECE2B-8268-4115-8DC8-860FBD011FFF}.Debug|x64.ActiveCfg = Debug|Any CPU
		{AD9ECE2B-8268-4115-8DC8-860FBD011FFF}.Debug|x64.Build.0 = Debug|Any CPU
		{AD9ECE2B-8268-4115-8DC8-860FBD011FFF}.Debug|x86.ActiveCfg = Debug|Any CPU
		{AD9ECE2B-8268-4115-8DC8-860FBD011FFF}.Debug|x86.Build.0 = Debug|Any CPU
		{AD9ECE2B-8268-4115-8DC8-860FBD011FFF}.Release|Any CPU.ActiveCfg = Release|Any CPU
		{AD9ECE2B-8268-4115-8DC8-860FBD011FFF}.Release|Any CPU.Build.0 = Release|Any CPU
		{AD9ECE2B-8268-4115-8DC8-860FBD011FFF}.Release|Mixed Platforms.ActiveCfg = Release|Any CPU
		{AD9ECE2B-8268-4115-8DC8-860FBD011FFF}.Release|Mixed Platforms.Build.0 = Release|Any CPU
		{AD9ECE2B-8268-4115-8DC8-860FBD011FFF}.Release|x64.ActiveCfg = Release|Any CPU
		{AD9ECE2B-8268-4115-8DC8-860FBD011FFF}.Release|x64.Build.0 = Release|Any CPU
		{AD9ECE2B-8268-4115-8DC8-860FBD011FFF}.Release|x86.ActiveCfg = Release|Any CPU
		{AD9ECE2B-8268-4115-8DC8-860FBD011FFF}.Release|x86.Build.0 = Release|Any CPU
		{F861DCC5-2BC0-4B8B-8DCD-656A3206E2A0}.Debug|Any CPU.ActiveCfg = Debug|Any CPU
		{F861DCC5-2BC0-4B8B-8DCD-656A3206E2A0}.Debug|Any CPU.Build.0 = Debug|Any CPU
		{F861DCC5-2BC0-4B8B-8DCD-656A3206E2A0}.Debug|Mixed Platforms.ActiveCfg = Debug|Any CPU
		{F861DCC5-2BC0-4B8B-8DCD-656A3206E2A0}.Debug|Mixed Platforms.Build.0 = Debug|Any CPU
		{F861DCC5-2BC0-4B8B-8DCD-656A3206E2A0}.Debug|x64.ActiveCfg = Debug|Any CPU
		{F861DCC5-2BC0-4B8B-8DCD-656A3206E2A0}.Debug|x64.Build.0 = Debug|Any CPU
		{F861DCC5-2BC0-4B8B-8DCD-656A3206E2A0}.Debug|x86.ActiveCfg = Debug|Any CPU
		{F861DCC5-2BC0-4B8B-8DCD-656A3206E2A0}.Debug|x86.Build.0 = Debug|Any CPU
		{F861DCC5-2BC0-4B8B-8DCD-656A3206E2A0}.Release|Any CPU.ActiveCfg = Release|Any CPU
		{F861DCC5-2BC0-4B8B-8DCD-656A3206E2A0}.Release|Any CPU.Build.0 = Release|Any CPU
		{F861DCC5-2BC0-4B8B-8DCD-656A3206E2A0}.Release|Mixed Platforms.ActiveCfg = Release|Any CPU
		{F861DCC5-2BC0-4B8B-8DCD-656A3206E2A0}.Release|Mixed Platforms.Build.0 = Release|Any CPU
		{F861DCC5-2BC0-4B8B-8DCD-656A3206E2A0}.Release|x64.ActiveCfg = Release|Any CPU
		{F861DCC5-2BC0-4B8B-8DCD-656A3206E2A0}.Release|x64.Build.0 = Release|Any CPU
		{F861DCC5-2BC0-4B8B-8DCD-656A3206E2A0}.Release|x86.ActiveCfg = Release|Any CPU
		{F861DCC5-2BC0-4B8B-8DCD-656A3206E2A0}.Release|x86.Build.0 = Release|Any CPU
		{BFB50CA0-87D7-4228-999B-9E2E5CEB38B1}.Debug|Any CPU.ActiveCfg = Debug|Any CPU
		{BFB50CA0-87D7-4228-999B-9E2E5CEB38B1}.Debug|Any CPU.Build.0 = Debug|Any CPU
		{BFB50CA0-87D7-4228-999B-9E2E5CEB38B1}.Debug|Mixed Platforms.ActiveCfg = Debug|Any CPU
		{BFB50CA0-87D7-4228-999B-9E2E5CEB38B1}.Debug|Mixed Platforms.Build.0 = Debug|Any CPU
		{BFB50CA0-87D7-4228-999B-9E2E5CEB38B1}.Debug|x64.ActiveCfg = Debug|Any CPU
		{BFB50CA0-87D7-4228-999B-9E2E5CEB38B1}.Debug|x64.Build.0 = Debug|Any CPU
		{BFB50CA0-87D7-4228-999B-9E2E5CEB38B1}.Debug|x86.ActiveCfg = Debug|Any CPU
		{BFB50CA0-87D7-4228-999B-9E2E5CEB38B1}.Debug|x86.Build.0 = Debug|Any CPU
		{BFB50CA0-87D7-4228-999B-9E2E5CEB38B1}.Release|Any CPU.ActiveCfg = Release|Any CPU
		{BFB50CA0-87D7-4228-999B-9E2E5CEB38B1}.Release|Any CPU.Build.0 = Release|Any CPU
		{BFB50CA0-87D7-4228-999B-9E2E5CEB38B1}.Release|Mixed Platforms.ActiveCfg = Release|Any CPU
		{BFB50CA0-87D7-4228-999B-9E2E5CEB38B1}.Release|Mixed Platforms.Build.0 = Release|Any CPU
		{BFB50CA0-87D7-4228-999B-9E2E5CEB38B1}.Release|x64.ActiveCfg = Release|Any CPU
		{BFB50CA0-87D7-4228-999B-9E2E5CEB38B1}.Release|x64.Build.0 = Release|Any CPU
		{BFB50CA0-87D7-4228-999B-9E2E5CEB38B1}.Release|x86.ActiveCfg = Release|Any CPU
		{BFB50CA0-87D7-4228-999B-9E2E5CEB38B1}.Release|x86.Build.0 = Release|Any CPU
		{C9F71CD6-84E8-461F-A0A6-F7C359F0A6D1}.Debug|Any CPU.ActiveCfg = Debug|Any CPU
		{C9F71CD6-84E8-461F-A0A6-F7C359F0A6D1}.Debug|Any CPU.Build.0 = Debug|Any CPU
		{C9F71CD6-84E8-461F-A0A6-F7C359F0A6D1}.Debug|Mixed Platforms.ActiveCfg = Debug|Any CPU
		{C9F71CD6-84E8-461F-A0A6-F7C359F0A6D1}.Debug|Mixed Platforms.Build.0 = Debug|Any CPU
		{C9F71CD6-84E8-461F-A0A6-F7C359F0A6D1}.Debug|x64.ActiveCfg = Debug|Any CPU
		{C9F71CD6-84E8-461F-A0A6-F7C359F0A6D1}.Debug|x64.Build.0 = Debug|Any CPU
		{C9F71CD6-84E8-461F-A0A6-F7C359F0A6D1}.Debug|x86.ActiveCfg = Debug|Any CPU
		{C9F71CD6-84E8-461F-A0A6-F7C359F0A6D1}.Debug|x86.Build.0 = Debug|Any CPU
		{C9F71CD6-84E8-461F-A0A6-F7C359F0A6D1}.Release|Any CPU.ActiveCfg = Release|Any CPU
		{C9F71CD6-84E8-461F-A0A6-F7C359F0A6D1}.Release|Any CPU.Build.0 = Release|Any CPU
		{C9F71CD6-84E8-461F-A0A6-F7C359F0A6D1}.Release|Mixed Platforms.ActiveCfg = Release|Any CPU
		{C9F71CD6-84E8-461F-A0A6-F7C359F0A6D1}.Release|Mixed Platforms.Build.0 = Release|Any CPU
		{C9F71CD6-84E8-461F-A0A6-F7C359F0A6D1}.Release|x64.ActiveCfg = Release|Any CPU
		{C9F71CD6-84E8-461F-A0A6-F7C359F0A6D1}.Release|x64.Build.0 = Release|Any CPU
		{C9F71CD6-84E8-461F-A0A6-F7C359F0A6D1}.Release|x86.ActiveCfg = Release|Any CPU
		{C9F71CD6-84E8-461F-A0A6-F7C359F0A6D1}.Release|x86.Build.0 = Release|Any CPU
		{F6EAD428-E6CF-4DF6-B2F3-D33D532C5343}.Debug|Any CPU.ActiveCfg = Debug|Any CPU
		{F6EAD428-E6CF-4DF6-B2F3-D33D532C5343}.Debug|Any CPU.Build.0 = Debug|Any CPU
		{F6EAD428-E6CF-4DF6-B2F3-D33D532C5343}.Debug|Mixed Platforms.ActiveCfg = Debug|Any CPU
		{F6EAD428-E6CF-4DF6-B2F3-D33D532C5343}.Debug|Mixed Platforms.Build.0 = Debug|Any CPU
		{F6EAD428-E6CF-4DF6-B2F3-D33D532C5343}.Debug|x64.ActiveCfg = Debug|Any CPU
		{F6EAD428-E6CF-4DF6-B2F3-D33D532C5343}.Debug|x64.Build.0 = Debug|Any CPU
		{F6EAD428-E6CF-4DF6-B2F3-D33D532C5343}.Debug|x86.ActiveCfg = Debug|Any CPU
		{F6EAD428-E6CF-4DF6-B2F3-D33D532C5343}.Debug|x86.Build.0 = Debug|Any CPU
		{F6EAD428-E6CF-4DF6-B2F3-D33D532C5343}.Release|Any CPU.ActiveCfg = Release|Any CPU
		{F6EAD428-E6CF-4DF6-B2F3-D33D532C5343}.Release|Any CPU.Build.0 = Release|Any CPU
		{F6EAD428-E6CF-4DF6-B2F3-D33D532C5343}.Release|Mixed Platforms.ActiveCfg = Release|Any CPU
		{F6EAD428-E6CF-4DF6-B2F3-D33D532C5343}.Release|Mixed Platforms.Build.0 = Release|Any CPU
		{F6EAD428-E6CF-4DF6-B2F3-D33D532C5343}.Release|x64.ActiveCfg = Release|Any CPU
		{F6EAD428-E6CF-4DF6-B2F3-D33D532C5343}.Release|x64.Build.0 = Release|Any CPU
		{F6EAD428-E6CF-4DF6-B2F3-D33D532C5343}.Release|x86.ActiveCfg = Release|Any CPU
		{F6EAD428-E6CF-4DF6-B2F3-D33D532C5343}.Release|x86.Build.0 = Release|Any CPU
		{FC264853-24DF-4E17-BC69-871BAF421A6D}.Debug|Any CPU.ActiveCfg = Debug|x64
		{FC264853-24DF-4E17-BC69-871BAF421A6D}.Debug|Mixed Platforms.ActiveCfg = Debug|x64
		{FC264853-24DF-4E17-BC69-871BAF421A6D}.Debug|Mixed Platforms.Build.0 = Debug|x64
		{FC264853-24DF-4E17-BC69-871BAF421A6D}.Debug|x64.ActiveCfg = Debug|x64
		{FC264853-24DF-4E17-BC69-871BAF421A6D}.Debug|x64.Build.0 = Debug|x64
		{FC264853-24DF-4E17-BC69-871BAF421A6D}.Debug|x86.ActiveCfg = Debug|Win32
		{FC264853-24DF-4E17-BC69-871BAF421A6D}.Debug|x86.Build.0 = Debug|Win32
		{FC264853-24DF-4E17-BC69-871BAF421A6D}.Release|Any CPU.ActiveCfg = Release|x64
		{FC264853-24DF-4E17-BC69-871BAF421A6D}.Release|Mixed Platforms.ActiveCfg = Release|x64
		{FC264853-24DF-4E17-BC69-871BAF421A6D}.Release|Mixed Platforms.Build.0 = Release|x64
		{FC264853-24DF-4E17-BC69-871BAF421A6D}.Release|x64.ActiveCfg = Release|x64
		{FC264853-24DF-4E17-BC69-871BAF421A6D}.Release|x64.Build.0 = Release|x64
		{FC264853-24DF-4E17-BC69-871BAF421A6D}.Release|x86.ActiveCfg = Release|Win32
		{FC264853-24DF-4E17-BC69-871BAF421A6D}.Release|x86.Build.0 = Release|Win32
		{A0385D99-56DF-45BB-9DB2-1E170B219F5E}.Debug|Any CPU.ActiveCfg = Debug|x64
		{A0385D99-56DF-45BB-9DB2-1E170B219F5E}.Debug|Mixed Platforms.ActiveCfg = Debug|x64
		{A0385D99-56DF-45BB-9DB2-1E170B219F5E}.Debug|Mixed Platforms.Build.0 = Debug|x64
		{A0385D99-56DF-45BB-9DB2-1E170B219F5E}.Debug|x64.ActiveCfg = Debug|x64
		{A0385D99-56DF-45BB-9DB2-1E170B219F5E}.Debug|x64.Build.0 = Debug|x64
		{A0385D99-56DF-45BB-9DB2-1E170B219F5E}.Debug|x86.ActiveCfg = Debug|Win32
		{A0385D99-56DF-45BB-9DB2-1E170B219F5E}.Debug|x86.Build.0 = Debug|Win32
		{A0385D99-56DF-45BB-9DB2-1E170B219F5E}.Release|Any CPU.ActiveCfg = Release|x64
		{A0385D99-56DF-45BB-9DB2-1E170B219F5E}.Release|Mixed Platforms.ActiveCfg = Release|x64
		{A0385D99-56DF-45BB-9DB2-1E170B219F5E}.Release|Mixed Platforms.Build.0 = Release|x64
		{A0385D99-56DF-45BB-9DB2-1E170B219F5E}.Release|x64.ActiveCfg = Release|x64
		{A0385D99-56DF-45BB-9DB2-1E170B219F5E}.Release|x64.Build.0 = Release|x64
		{A0385D99-56DF-45BB-9DB2-1E170B219F5E}.Release|x86.ActiveCfg = Release|Win32
		{A0385D99-56DF-45BB-9DB2-1E170B219F5E}.Release|x86.Build.0 = Release|Win32
		{9779F796-68BA-4F46-8B6D-BF1F77819C8E}.Debug|Any CPU.ActiveCfg = Debug|x64
		{9779F796-68BA-4F46-8B6D-BF1F77819C8E}.Debug|Mixed Platforms.ActiveCfg = Debug|x64
		{9779F796-68BA-4F46-8B6D-BF1F77819C8E}.Debug|Mixed Platforms.Build.0 = Debug|x64
		{9779F796-68BA-4F46-8B6D-BF1F77819C8E}.Debug|x64.ActiveCfg = Debug|x64
		{9779F796-68BA-4F46-8B6D-BF1F77819C8E}.Debug|x64.Build.0 = Debug|x64
		{9779F796-68BA-4F46-8B6D-BF1F77819C8E}.Debug|x86.ActiveCfg = Debug|Win32
		{9779F796-68BA-4F46-8B6D-BF1F77819C8E}.Debug|x86.Build.0 = Debug|Win32
		{9779F796-68BA-4F46-8B6D-BF1F77819C8E}.Release|Any CPU.ActiveCfg = Release|x64
		{9779F796-68BA-4F46-8B6D-BF1F77819C8E}.Release|Mixed Platforms.ActiveCfg = Release|x64
		{9779F796-68BA-4F46-8B6D-BF1F77819C8E}.Release|Mixed Platforms.Build.0 = Release|x64
		{9779F796-68BA-4F46-8B6D-BF1F77819C8E}.Release|x64.ActiveCfg = Release|x64
		{9779F796-68BA-4F46-8B6D-BF1F77819C8E}.Release|x64.Build.0 = Release|x64
		{9779F796-68BA-4F46-8B6D-BF1F77819C8E}.Release|x86.ActiveCfg = Release|Win32
		{9779F796-68BA-4F46-8B6D-BF1F77819C8E}.Release|x86.Build.0 = Release|Win32
		{8BAE0115-0959-4AF8-82AD-7F599D5850AC}.Debug|Any CPU.ActiveCfg = Debug|x64
		{8BAE0115-0959-4AF8-82AD-7F599D5850AC}.Debug|Mixed Platforms.ActiveCfg = Debug|x64
		{8BAE0115-0959-4AF8-82AD-7F599D5850AC}.Debug|Mixed Platforms.Build.0 = Debug|x64
		{8BAE0115-0959-4AF8-82AD-7F599D5850AC}.Debug|x64.ActiveCfg = Debug|x64
		{8BAE0115-0959-4AF8-82AD-7F599D5850AC}.Debug|x64.Build.0 = Debug|x64
		{8BAE0115-0959-4AF8-82AD-7F599D5850AC}.Debug|x86.ActiveCfg = Debug|Win32
		{8BAE0115-0959-4AF8-82AD-7F599D5850AC}.Debug|x86.Build.0 = Debug|Win32
		{8BAE0115-0959-4AF8-82AD-7F599D5850AC}.Release|Any CPU.ActiveCfg = Release|x64
		{8BAE0115-0959-4AF8-82AD-7F599D5850AC}.Release|Mixed Platforms.ActiveCfg = Release|x64
		{8BAE0115-0959-4AF8-82AD-7F599D5850AC}.Release|Mixed Platforms.Build.0 = Release|x64
		{8BAE0115-0959-4AF8-82AD-7F599D5850AC}.Release|x64.ActiveCfg = Release|x64
		{8BAE0115-0959-4AF8-82AD-7F599D5850AC}.Release|x64.Build.0 = Release|x64
		{8BAE0115-0959-4AF8-82AD-7F599D5850AC}.Release|x86.ActiveCfg = Release|Win32
		{8BAE0115-0959-4AF8-82AD-7F599D5850AC}.Release|x86.Build.0 = Release|Win32
		{B389F627-F243-4B7E-8A04-90E1071B2754}.Debug|Any CPU.ActiveCfg = Debug|x64
		{B389F627-F243-4B7E-8A04-90E1071B2754}.Debug|Mixed Platforms.ActiveCfg = Debug|x64
		{B389F627-F243-4B7E-8A04-90E1071B2754}.Debug|Mixed Platforms.Build.0 = Debug|x64
		{B389F627-F243-4B7E-8A04-90E1071B2754}.Debug|x64.ActiveCfg = Debug|x64
		{B389F627-F243-4B7E-8A04-90E1071B2754}.Debug|x64.Build.0 = Debug|x64
		{B389F627-F243-4B7E-8A04-90E1071B2754}.Debug|x86.ActiveCfg = Debug|Win32
		{B389F627-F243-4B7E-8A04-90E1071B2754}.Debug|x86.Build.0 = Debug|Win32
		{B389F627-F243-4B7E-8A04-90E1071B2754}.Release|Any CPU.ActiveCfg = Release|x64
		{B389F627-F243-4B7E-8A04-90E1071B2754}.Release|Mixed Platforms.ActiveCfg = Release|x64
		{B389F627-F243-4B7E-8A04-90E1071B2754}.Release|Mixed Platforms.Build.0 = Release|x64
		{B389F627-F243-4B7E-8A04-90E1071B2754}.Release|x64.ActiveCfg = Release|x64
		{B389F627-F243-4B7E-8A04-90E1071B2754}.Release|x64.Build.0 = Release|x64
		{B389F627-F243-4B7E-8A04-90E1071B2754}.Release|x86.ActiveCfg = Release|Win32
		{B389F627-F243-4B7E-8A04-90E1071B2754}.Release|x86.Build.0 = Release|Win32
		{497CEAC5-C575-47A7-9230-610D6A3B6A2A}.Debug|Any CPU.ActiveCfg = Debug|x64
		{497CEAC5-C575-47A7-9230-610D6A3B6A2A}.Debug|Mixed Platforms.ActiveCfg = Debug|x64
		{497CEAC5-C575-47A7-9230-610D6A3B6A2A}.Debug|Mixed Platforms.Build.0 = Debug|x64
		{497CEAC5-C575-47A7-9230-610D6A3B6A2A}.Debug|x64.ActiveCfg = Debug|x64
		{497CEAC5-C575-47A7-9230-610D6A3B6A2A}.Debug|x64.Build.0 = Debug|x64
		{497CEAC5-C575-47A7-9230-610D6A3B6A2A}.Debug|x86.ActiveCfg = Debug|Win32
		{497CEAC5-C575-47A7-9230-610D6A3B6A2A}.Debug|x86.Build.0 = Debug|Win32
		{497CEAC5-C575-47A7-9230-610D6A3B6A2A}.Release|Any CPU.ActiveCfg = Release|x64
		{497CEAC5-C575-47A7-9230-610D6A3B6A2A}.Release|Mixed Platforms.ActiveCfg = Release|x64
		{497CEAC5-C575-47A7-9230-610D6A3B6A2A}.Release|Mixed Platforms.Build.0 = Release|x64
		{497CEAC5-C575-47A7-9230-610D6A3B6A2A}.Release|x64.ActiveCfg = Release|x64
		{497CEAC5-C575-47A7-9230-610D6A3B6A2A}.Release|x64.Build.0 = Release|x64
		{497CEAC5-C575-47A7-9230-610D6A3B6A2A}.Release|x86.ActiveCfg = Release|Win32
		{497CEAC5-C575-47A7-9230-610D6A3B6A2A}.Release|x86.Build.0 = Release|Win32
		{AB89527E-B1B6-49A4-B3A0-D07948FC23E0}.Debug|Any CPU.ActiveCfg = Debug|Any CPU
		{AB89527E-B1B6-49A4-B3A0-D07948FC23E0}.Debug|Any CPU.Build.0 = Debug|Any CPU
		{AB89527E-B1B6-49A4-B3A0-D07948FC23E0}.Debug|Mixed Platforms.ActiveCfg = Debug|Any CPU
		{AB89527E-B1B6-49A4-B3A0-D07948FC23E0}.Debug|Mixed Platforms.Build.0 = Debug|Any CPU
		{AB89527E-B1B6-49A4-B3A0-D07948FC23E0}.Debug|x64.ActiveCfg = Debug|Any CPU
		{AB89527E-B1B6-49A4-B3A0-D07948FC23E0}.Debug|x64.Build.0 = Debug|Any CPU
		{AB89527E-B1B6-49A4-B3A0-D07948FC23E0}.Debug|x86.ActiveCfg = Debug|Any CPU
		{AB89527E-B1B6-49A4-B3A0-D07948FC23E0}.Debug|x86.Build.0 = Debug|Any CPU
		{AB89527E-B1B6-49A4-B3A0-D07948FC23E0}.Release|Any CPU.ActiveCfg = Release|Any CPU
		{AB89527E-B1B6-49A4-B3A0-D07948FC23E0}.Release|Any CPU.Build.0 = Release|Any CPU
		{AB89527E-B1B6-49A4-B3A0-D07948FC23E0}.Release|Mixed Platforms.ActiveCfg = Release|Any CPU
		{AB89527E-B1B6-49A4-B3A0-D07948FC23E0}.Release|Mixed Platforms.Build.0 = Release|Any CPU
		{AB89527E-B1B6-49A4-B3A0-D07948FC23E0}.Release|x64.ActiveCfg = Release|Any CPU
		{AB89527E-B1B6-49A4-B3A0-D07948FC23E0}.Release|x64.Build.0 = Release|Any CPU
		{AB89527E-B1B6-49A4-B3A0-D07948FC23E0}.Release|x86.ActiveCfg = Release|Any CPU
		{AB89527E-B1B6-49A4-B3A0-D07948FC23E0}.Release|x86.Build.0 = Release|Any CPU
	EndGlobalSection
	GlobalSection(SolutionProperties) = preSolution
		HideSolutionNode = FALSE
	EndGlobalSection
EndGlobal
